// !$*UTF8*$!
{
	archiveVersion = 1;
	classes = {
	};
	objectVersion = 55;
	objects = {

/* Begin PBXBuildFile section */
		220101D2275401D2005C1385 /* AspectRatioView.swift in Sources */ = {isa = PBXBuildFile; fileRef = 220101D1275401D2005C1385 /* AspectRatioView.swift */; };
		220101D427545B94005C1385 /* ViewControllerDeque.swift in Sources */ = {isa = PBXBuildFile; fileRef = 220101D327545B94005C1385 /* ViewControllerDeque.swift */; };
		221A296D275D36B700C283FE /* SDWebImage in Frameworks */ = {isa = PBXBuildFile; productRef = 221A296C275D36B700C283FE /* SDWebImage */; };
		221A2970275D533D00C283FE /* ControlledCell.swift in Sources */ = {isa = PBXBuildFile; fileRef = 221A296F275D533D00C283FE /* ControlledCell.swift */; };
		221A2992275D680900C283FE /* AlbumController.swift in Sources */ = {isa = PBXBuildFile; fileRef = 221A2991275D680900C283FE /* AlbumController.swift */; };
		221A2994275D943E00C283FE /* RemoveDuplicates.swift in Sources */ = {isa = PBXBuildFile; fileRef = 221A2993275D943E00C283FE /* RemoveDuplicates.swift */; };
		222161F22741A8EA00220F0C /* CardHeaderCell.swift in Sources */ = {isa = PBXBuildFile; fileRef = 222161F12741A8EA00220F0C /* CardHeaderCell.swift */; };
		222161F42741C2F400220F0C /* AssetColors.swift in Sources */ = {isa = PBXBuildFile; fileRef = 222161F32741C2F400220F0C /* AssetColors.swift */; };
		222161F62741D7FF00220F0C /* DiscussionTree.swift in Sources */ = {isa = PBXBuildFile; fileRef = 222161F52741D7FF00220F0C /* DiscussionTree.swift */; };
		223BBF2B27377BE500375530 /* AppDelegate.swift in Sources */ = {isa = PBXBuildFile; fileRef = 223BBF2A27377BE500375530 /* AppDelegate.swift */; };
		223BBF2D27377BE500375530 /* SceneDelegate.swift in Sources */ = {isa = PBXBuildFile; fileRef = 223BBF2C27377BE500375530 /* SceneDelegate.swift */; };
		223BBF2F27377BE500375530 /* ViewController.swift in Sources */ = {isa = PBXBuildFile; fileRef = 223BBF2E27377BE500375530 /* ViewController.swift */; };
		223BBF3227377BE500375530 /* Main.storyboard in Resources */ = {isa = PBXBuildFile; fileRef = 223BBF3027377BE500375530 /* Main.storyboard */; };
		223BBF3427377BE600375530 /* Assets.xcassets in Resources */ = {isa = PBXBuildFile; fileRef = 223BBF3327377BE600375530 /* Assets.xcassets */; };
		223BBF3727377BE600375530 /* LaunchScreen.storyboard in Resources */ = {isa = PBXBuildFile; fileRef = 223BBF3527377BE600375530 /* LaunchScreen.storyboard */; };
		223BBF4227377BE600375530 /* UIBranchTests.swift in Sources */ = {isa = PBXBuildFile; fileRef = 223BBF4127377BE600375530 /* UIBranchTests.swift */; };
		223BBF4C27377BE600375530 /* UIBranchUITests.swift in Sources */ = {isa = PBXBuildFile; fileRef = 223BBF4B27377BE600375530 /* UIBranchUITests.swift */; };
		223BBF4E27377BE600375530 /* UIBranchUITestsLaunchTests.swift in Sources */ = {isa = PBXBuildFile; fileRef = 223BBF4D27377BE600375530 /* UIBranchUITestsLaunchTests.swift */; };
		223BBF5D27377E4600375530 /* Twig in Frameworks */ = {isa = PBXBuildFile; productRef = 223BBF5C27377E4600375530 /* Twig */; };
		223BBF6327377E8900375530 /* Airport.swift in Sources */ = {isa = PBXBuildFile; fileRef = 223BBF5F27377E8700375530 /* Airport.swift */; };
		223BBF6427377E8900375530 /* AsyncMap.swift in Sources */ = {isa = PBXBuildFile; fileRef = 223BBF6027377E8800375530 /* AsyncMap.swift */; };
		223BBF6527377E8900375530 /* BigFetch.swift in Sources */ = {isa = PBXBuildFile; fileRef = 223BBF6127377E8800375530 /* BigFetch.swift */; };
		223BBF6627377E8900375530 /* Buffer.swift in Sources */ = {isa = PBXBuildFile; fileRef = 223BBF6227377E8900375530 /* Buffer.swift */; };
		223BBF6D27377EC300375530 /* Conversation.swift in Sources */ = {isa = PBXBuildFile; fileRef = 223BBF6827377EC000375530 /* Conversation.swift */; };
		223BBF6E27377EC300375530 /* User.swift in Sources */ = {isa = PBXBuildFile; fileRef = 223BBF6927377EC000375530 /* User.swift */; };
		223BBF6F27377EC300375530 /* Discussion.swift in Sources */ = {isa = PBXBuildFile; fileRef = 223BBF6A27377EC000375530 /* Discussion.swift */; };
		223BBF7027377EC300375530 /* Tweet.swift in Sources */ = {isa = PBXBuildFile; fileRef = 223BBF6B27377EC100375530 /* Tweet.swift */; };
		223BBF7127377EC300375530 /* Query.swift in Sources */ = {isa = PBXBuildFile; fileRef = 223BBF6C27377EC300375530 /* Query.swift */; };
		223BBF7427377EF100375530 /* Logger.swift in Sources */ = {isa = PBXBuildFile; fileRef = 223BBF7327377EF100375530 /* Logger.swift */; };
		223BBF7627377F2100375530 /* MiscFetch.swift in Sources */ = {isa = PBXBuildFile; fileRef = 223BBF7527377F2100375530 /* MiscFetch.swift */; };
		223BBF7827377F5100375530 /* Storage.swift in Sources */ = {isa = PBXBuildFile; fileRef = 223BBF7727377F5100375530 /* Storage.swift */; };
		223BBF7A2737867800375530 /* AuthView.swift in Sources */ = {isa = PBXBuildFile; fileRef = 223BBF792737867800375530 /* AuthView.swift */; };
		223BBF7C273791A100375530 /* PMViewController.swift in Sources */ = {isa = PBXBuildFile; fileRef = 223BBF7B273791A100375530 /* PMViewController.swift */; };
		223BBF7E273846BE00375530 /* LoginState.swift in Sources */ = {isa = PBXBuildFile; fileRef = 223BBF7D273846BE00375530 /* LoginState.swift */; };
		223BBF82273847C300375530 /* Adopt.swift in Sources */ = {isa = PBXBuildFile; fileRef = 223BBF81273847C300375530 /* Adopt.swift */; };
		223BBF84273847E900375530 /* LoginViewController.swift in Sources */ = {isa = PBXBuildFile; fileRef = 223BBF83273847E900375530 /* LoginViewController.swift */; };
		223BBF862738572C00375530 /* MainTable.swift in Sources */ = {isa = PBXBuildFile; fileRef = 223BBF852738572C00375530 /* MainTable.swift */; };
		223BBF8A27385AFA00375530 /* OptionalCompare.swift in Sources */ = {isa = PBXBuildFile; fileRef = 223BBF8927385AFA00375530 /* OptionalCompare.swift */; };
		223BBF8C27385B0F00375530 /* OptionalCast.swift in Sources */ = {isa = PBXBuildFile; fileRef = 223BBF8B27385B0F00375530 /* OptionalCast.swift */; };
		2248FF502745BEA100C6DEF9 /* Entities.swift in Sources */ = {isa = PBXBuildFile; fileRef = 2248FF4F2745BEA100C6DEF9 /* Entities.swift */; };
		224F88D3275E5BBC00085678 /* FakePageDelegate.swift in Sources */ = {isa = PBXBuildFile; fileRef = 224F88D2275E5BBC00085678 /* FakePageDelegate.swift */; };
		224F88D5275E5C8700085678 /* ImageViewController.swift in Sources */ = {isa = PBXBuildFile; fileRef = 224F88D4275E5C8700085678 /* ImageViewController.swift */; };
		224F88D7275E5CD300085678 /* ImageAnimate.swift in Sources */ = {isa = PBXBuildFile; fileRef = 224F88D6275E5CD300085678 /* ImageAnimate.swift */; };
		22760A41274A8B4200F28F0A /* TweetTextView.swift in Sources */ = {isa = PBXBuildFile; fileRef = 22760A40274A8B4200F28F0A /* TweetTextView.swift */; };
		22760A43274A927A00F28F0A /* CardTeaserCell.swift in Sources */ = {isa = PBXBuildFile; fileRef = 22760A42274A927A00F28F0A /* CardTeaserCell.swift */; };
		22760A45274AA6ED00F28F0A /* CardBackground.swift in Sources */ = {isa = PBXBuildFile; fileRef = 22760A44274AA6ED00F28F0A /* CardBackground.swift */; };
		22760A47274ADEF500F28F0A /* MarkReadDaemon.swift in Sources */ = {isa = PBXBuildFile; fileRef = 22760A46274ADEF500F28F0A /* MarkReadDaemon.swift */; };
		22760A49274ADFA900F28F0A /* ReadStatus.swift in Sources */ = {isa = PBXBuildFile; fileRef = 22760A48274ADFA900F28F0A /* ReadStatus.swift */; };
		22760A4B274AE63000F28F0A /* SummaryLine.swift in Sources */ = {isa = PBXBuildFile; fileRef = 22760A4A274AE63000F28F0A /* SummaryLine.swift */; };
		22760A4D274AF5A200F28F0A /* SpacedSeparator.swift in Sources */ = {isa = PBXBuildFile; fileRef = 22760A4C274AF5A200F28F0A /* SpacedSeparator.swift */; };
		22760A4F274B136200F28F0A /* Media.swift in Sources */ = {isa = PBXBuildFile; fileRef = 22760A4E274B136200F28F0A /* Media.swift */; };
		22D127DC27404F4200932614 /* DiscussionTable.swift in Sources */ = {isa = PBXBuildFile; fileRef = 22D127DB27404F4200932614 /* DiscussionTable.swift */; };
		22D127DE2740651C00932614 /* TweetCell.swift in Sources */ = {isa = PBXBuildFile; fileRef = 22D127DD2740651C00932614 /* TweetCell.swift */; };
		22D127E12740655900932614 /* IconView.swift in Sources */ = {isa = PBXBuildFile; fileRef = 22D127E02740655900932614 /* IconView.swift */; };
		22D127E52740659E00932614 /* RetweetView.swift in Sources */ = {isa = PBXBuildFile; fileRef = 22D127E42740659E00932614 /* RetweetView.swift */; };
		22D127E7274065E900932614 /* UserView.swift in Sources */ = {isa = PBXBuildFile; fileRef = 22D127E6274065E900932614 /* UserView.swift */; };
		22D127EA27406F9700932614 /* RetweetSymbol.swift in Sources */ = {isa = PBXBuildFile; fileRef = 22D127E927406F9700932614 /* RetweetSymbol.swift */; };
		22D127EC274070CD00932614 /* MetricButtons.swift in Sources */ = {isa = PBXBuildFile; fileRef = 22D127EB274070CD00932614 /* MetricButtons.swift */; };
		22D127EE2740713500932614 /* TimeDifference.swift in Sources */ = {isa = PBXBuildFile; fileRef = 22D127ED2740713500932614 /* TimeDifference.swift */; };
		22D127F02740A17B00932614 /* Following.swift in Sources */ = {isa = PBXBuildFile; fileRef = 22D127EF2740A17B00932614 /* Following.swift */; };
		22F2463D274CA41800AE17AD /* BlackBox in Frameworks */ = {isa = PBXBuildFile; productRef = 22F2463C274CA41800AE17AD /* BlackBox */; };
		22F2463F274D6A9E00AE17AD /* NSLayoutConstraint.replace.swift in Sources */ = {isa = PBXBuildFile; fileRef = 22F2463E274D6A9E00AE17AD /* NSLayoutConstraint.replace.swift */; };
		22F24641274DC20200AE17AD /* CanonicalString.swift in Sources */ = {isa = PBXBuildFile; fileRef = 22F24640274DC20200AE17AD /* CanonicalString.swift */; };
		22FD36B1274B454700CFB84C /* ReadIndicatorView.swift in Sources */ = {isa = PBXBuildFile; fileRef = 22FD36B0274B454700CFB84C /* ReadIndicatorView.swift */; };
		3579A6A613DCA02DE5BEEC38 /* Pods_UIBranch.framework in Frameworks */ = {isa = PBXBuildFile; fileRef = D9C6048D65B067C8D0766FEB /* Pods_UIBranch.framework */; };
/* End PBXBuildFile section */

/* Begin PBXContainerItemProxy section */
		223BBF3E27377BE600375530 /* PBXContainerItemProxy */ = {
			isa = PBXContainerItemProxy;
			containerPortal = 223BBF1F27377BE500375530 /* Project object */;
			proxyType = 1;
			remoteGlobalIDString = 223BBF2627377BE500375530;
			remoteInfo = UIBranch;
		};
		223BBF4827377BE600375530 /* PBXContainerItemProxy */ = {
			isa = PBXContainerItemProxy;
			containerPortal = 223BBF1F27377BE500375530 /* Project object */;
			proxyType = 1;
			remoteGlobalIDString = 223BBF2627377BE500375530;
			remoteInfo = UIBranch;
		};
/* End PBXContainerItemProxy section */

/* Begin PBXFileReference section */
		220101D1275401D2005C1385 /* AspectRatioView.swift */ = {isa = PBXFileReference; lastKnownFileType = sourcecode.swift; path = AspectRatioView.swift; sourceTree = "<group>"; };
		220101D327545B94005C1385 /* ViewControllerDeque.swift */ = {isa = PBXFileReference; lastKnownFileType = sourcecode.swift; path = ViewControllerDeque.swift; sourceTree = "<group>"; };
		221A296F275D533D00C283FE /* ControlledCell.swift */ = {isa = PBXFileReference; lastKnownFileType = sourcecode.swift; path = ControlledCell.swift; sourceTree = "<group>"; };
		221A2991275D680900C283FE /* AlbumController.swift */ = {isa = PBXFileReference; lastKnownFileType = sourcecode.swift; path = AlbumController.swift; sourceTree = "<group>"; };
		221A2993275D943E00C283FE /* RemoveDuplicates.swift */ = {isa = PBXFileReference; lastKnownFileType = sourcecode.swift; path = RemoveDuplicates.swift; sourceTree = "<group>"; };
		222161F12741A8EA00220F0C /* CardHeaderCell.swift */ = {isa = PBXFileReference; lastKnownFileType = sourcecode.swift; path = CardHeaderCell.swift; sourceTree = "<group>"; };
		222161F32741C2F400220F0C /* AssetColors.swift */ = {isa = PBXFileReference; lastKnownFileType = sourcecode.swift; path = AssetColors.swift; sourceTree = "<group>"; };
		222161F52741D7FF00220F0C /* DiscussionTree.swift */ = {isa = PBXFileReference; lastKnownFileType = sourcecode.swift; name = DiscussionTree.swift; path = /Users/SAM/Documents/UIBranch/UIBranch/DiscussionTree.swift; sourceTree = "<absolute>"; };
		223BBF2727377BE500375530 /* Hyperthread.app */ = {isa = PBXFileReference; explicitFileType = wrapper.application; includeInIndex = 0; path = Hyperthread.app; sourceTree = BUILT_PRODUCTS_DIR; };
		223BBF2A27377BE500375530 /* AppDelegate.swift */ = {isa = PBXFileReference; lastKnownFileType = sourcecode.swift; path = AppDelegate.swift; sourceTree = "<group>"; };
		223BBF2C27377BE500375530 /* SceneDelegate.swift */ = {isa = PBXFileReference; lastKnownFileType = sourcecode.swift; path = SceneDelegate.swift; sourceTree = "<group>"; };
		223BBF2E27377BE500375530 /* ViewController.swift */ = {isa = PBXFileReference; lastKnownFileType = sourcecode.swift; path = ViewController.swift; sourceTree = "<group>"; };
		223BBF3127377BE500375530 /* Base */ = {isa = PBXFileReference; lastKnownFileType = file.storyboard; name = Base; path = Base.lproj/Main.storyboard; sourceTree = "<group>"; };
		223BBF3327377BE600375530 /* Assets.xcassets */ = {isa = PBXFileReference; lastKnownFileType = folder.assetcatalog; path = Assets.xcassets; sourceTree = "<group>"; };
		223BBF3627377BE600375530 /* Base */ = {isa = PBXFileReference; lastKnownFileType = file.storyboard; name = Base; path = Base.lproj/LaunchScreen.storyboard; sourceTree = "<group>"; };
		223BBF3827377BE600375530 /* Info.plist */ = {isa = PBXFileReference; lastKnownFileType = text.plist.xml; path = Info.plist; sourceTree = "<group>"; };
		223BBF3D27377BE600375530 /* UIBranchTests.xctest */ = {isa = PBXFileReference; explicitFileType = wrapper.cfbundle; includeInIndex = 0; path = UIBranchTests.xctest; sourceTree = BUILT_PRODUCTS_DIR; };
		223BBF4127377BE600375530 /* UIBranchTests.swift */ = {isa = PBXFileReference; lastKnownFileType = sourcecode.swift; path = UIBranchTests.swift; sourceTree = "<group>"; };
		223BBF4727377BE600375530 /* UIBranchUITests.xctest */ = {isa = PBXFileReference; explicitFileType = wrapper.cfbundle; includeInIndex = 0; path = UIBranchUITests.xctest; sourceTree = BUILT_PRODUCTS_DIR; };
		223BBF4B27377BE600375530 /* UIBranchUITests.swift */ = {isa = PBXFileReference; lastKnownFileType = sourcecode.swift; path = UIBranchUITests.swift; sourceTree = "<group>"; };
		223BBF4D27377BE600375530 /* UIBranchUITestsLaunchTests.swift */ = {isa = PBXFileReference; lastKnownFileType = sourcecode.swift; path = UIBranchUITestsLaunchTests.swift; sourceTree = "<group>"; };
		223BBF5B27377E3E00375530 /* Twig */ = {isa = PBXFileReference; lastKnownFileType = folder; name = Twig; path = ../Twig; sourceTree = "<group>"; };
		223BBF5F27377E8700375530 /* Airport.swift */ = {isa = PBXFileReference; fileEncoding = 4; lastKnownFileType = sourcecode.swift; path = Airport.swift; sourceTree = "<group>"; };
		223BBF6027377E8800375530 /* AsyncMap.swift */ = {isa = PBXFileReference; fileEncoding = 4; lastKnownFileType = sourcecode.swift; path = AsyncMap.swift; sourceTree = "<group>"; };
		223BBF6127377E8800375530 /* BigFetch.swift */ = {isa = PBXFileReference; fileEncoding = 4; lastKnownFileType = sourcecode.swift; path = BigFetch.swift; sourceTree = "<group>"; };
		223BBF6227377E8900375530 /* Buffer.swift */ = {isa = PBXFileReference; fileEncoding = 4; lastKnownFileType = sourcecode.swift; path = Buffer.swift; sourceTree = "<group>"; };
		223BBF6827377EC000375530 /* Conversation.swift */ = {isa = PBXFileReference; fileEncoding = 4; lastKnownFileType = sourcecode.swift; path = Conversation.swift; sourceTree = "<group>"; };
		223BBF6927377EC000375530 /* User.swift */ = {isa = PBXFileReference; fileEncoding = 4; lastKnownFileType = sourcecode.swift; path = User.swift; sourceTree = "<group>"; };
		223BBF6A27377EC000375530 /* Discussion.swift */ = {isa = PBXFileReference; fileEncoding = 4; lastKnownFileType = sourcecode.swift; path = Discussion.swift; sourceTree = "<group>"; };
		223BBF6B27377EC100375530 /* Tweet.swift */ = {isa = PBXFileReference; fileEncoding = 4; lastKnownFileType = sourcecode.swift; path = Tweet.swift; sourceTree = "<group>"; };
		223BBF6C27377EC300375530 /* Query.swift */ = {isa = PBXFileReference; fileEncoding = 4; lastKnownFileType = sourcecode.swift; path = Query.swift; sourceTree = "<group>"; };
		223BBF7327377EF100375530 /* Logger.swift */ = {isa = PBXFileReference; fileEncoding = 4; lastKnownFileType = sourcecode.swift; path = Logger.swift; sourceTree = "<group>"; };
		223BBF7527377F2100375530 /* MiscFetch.swift */ = {isa = PBXFileReference; lastKnownFileType = sourcecode.swift; path = MiscFetch.swift; sourceTree = "<group>"; };
		223BBF7727377F5100375530 /* Storage.swift */ = {isa = PBXFileReference; fileEncoding = 4; lastKnownFileType = sourcecode.swift; path = Storage.swift; sourceTree = "<group>"; };
		223BBF792737867800375530 /* AuthView.swift */ = {isa = PBXFileReference; fileEncoding = 4; lastKnownFileType = sourcecode.swift; path = AuthView.swift; sourceTree = "<group>"; };
		223BBF7B273791A100375530 /* PMViewController.swift */ = {isa = PBXFileReference; lastKnownFileType = sourcecode.swift; path = PMViewController.swift; sourceTree = "<group>"; };
		223BBF7D273846BE00375530 /* LoginState.swift */ = {isa = PBXFileReference; lastKnownFileType = sourcecode.swift; path = LoginState.swift; sourceTree = "<group>"; };
		223BBF81273847C300375530 /* Adopt.swift */ = {isa = PBXFileReference; lastKnownFileType = sourcecode.swift; path = Adopt.swift; sourceTree = "<group>"; };
		223BBF83273847E900375530 /* LoginViewController.swift */ = {isa = PBXFileReference; lastKnownFileType = sourcecode.swift; path = LoginViewController.swift; sourceTree = "<group>"; };
		223BBF852738572C00375530 /* MainTable.swift */ = {isa = PBXFileReference; lastKnownFileType = sourcecode.swift; path = MainTable.swift; sourceTree = "<group>"; };
		223BBF8927385AFA00375530 /* OptionalCompare.swift */ = {isa = PBXFileReference; lastKnownFileType = sourcecode.swift; path = OptionalCompare.swift; sourceTree = "<group>"; };
		223BBF8B27385B0F00375530 /* OptionalCast.swift */ = {isa = PBXFileReference; lastKnownFileType = sourcecode.swift; path = OptionalCast.swift; sourceTree = "<group>"; };
		2248FF4F2745BEA100C6DEF9 /* Entities.swift */ = {isa = PBXFileReference; lastKnownFileType = sourcecode.swift; path = Entities.swift; sourceTree = "<group>"; };
		224F88D2275E5BBC00085678 /* FakePageDelegate.swift */ = {isa = PBXFileReference; lastKnownFileType = sourcecode.swift; path = FakePageDelegate.swift; sourceTree = "<group>"; };
		224F88D4275E5C8700085678 /* ImageViewController.swift */ = {isa = PBXFileReference; lastKnownFileType = sourcecode.swift; name = ImageViewController.swift; path = /Users/SAM/Documents/UIBranch/UIBranch/CardCell/Album/ImageViewController.swift; sourceTree = "<absolute>"; };
		224F88D6275E5CD300085678 /* ImageAnimate.swift */ = {isa = PBXFileReference; lastKnownFileType = sourcecode.swift; path = ImageAnimate.swift; sourceTree = "<group>"; };
		22760A40274A8B4200F28F0A /* TweetTextView.swift */ = {isa = PBXFileReference; lastKnownFileType = sourcecode.swift; path = TweetTextView.swift; sourceTree = "<group>"; };
		22760A42274A927A00F28F0A /* CardTeaserCell.swift */ = {isa = PBXFileReference; lastKnownFileType = sourcecode.swift; path = CardTeaserCell.swift; sourceTree = "<group>"; };
		22760A44274AA6ED00F28F0A /* CardBackground.swift */ = {isa = PBXFileReference; lastKnownFileType = sourcecode.swift; path = CardBackground.swift; sourceTree = "<group>"; };
		22760A46274ADEF500F28F0A /* MarkReadDaemon.swift */ = {isa = PBXFileReference; lastKnownFileType = sourcecode.swift; path = MarkReadDaemon.swift; sourceTree = "<group>"; };
		22760A48274ADFA900F28F0A /* ReadStatus.swift */ = {isa = PBXFileReference; lastKnownFileType = sourcecode.swift; path = ReadStatus.swift; sourceTree = "<group>"; };
		22760A4A274AE63000F28F0A /* SummaryLine.swift */ = {isa = PBXFileReference; lastKnownFileType = sourcecode.swift; path = SummaryLine.swift; sourceTree = "<group>"; };
		22760A4C274AF5A200F28F0A /* SpacedSeparator.swift */ = {isa = PBXFileReference; lastKnownFileType = sourcecode.swift; path = SpacedSeparator.swift; sourceTree = "<group>"; };
		22760A4E274B136200F28F0A /* Media.swift */ = {isa = PBXFileReference; lastKnownFileType = sourcecode.swift; path = Media.swift; sourceTree = "<group>"; };
		22D127DB27404F4200932614 /* DiscussionTable.swift */ = {isa = PBXFileReference; lastKnownFileType = sourcecode.swift; path = DiscussionTable.swift; sourceTree = "<group>"; };
		22D127DD2740651C00932614 /* TweetCell.swift */ = {isa = PBXFileReference; lastKnownFileType = sourcecode.swift; path = TweetCell.swift; sourceTree = "<group>"; };
		22D127E02740655900932614 /* IconView.swift */ = {isa = PBXFileReference; lastKnownFileType = sourcecode.swift; path = IconView.swift; sourceTree = "<group>"; };
		22D127E42740659E00932614 /* RetweetView.swift */ = {isa = PBXFileReference; lastKnownFileType = sourcecode.swift; path = RetweetView.swift; sourceTree = "<group>"; };
		22D127E6274065E900932614 /* UserView.swift */ = {isa = PBXFileReference; lastKnownFileType = sourcecode.swift; path = UserView.swift; sourceTree = "<group>"; };
		22D127E927406F9700932614 /* RetweetSymbol.swift */ = {isa = PBXFileReference; lastKnownFileType = sourcecode.swift; path = RetweetSymbol.swift; sourceTree = "<group>"; };
		22D127EB274070CD00932614 /* MetricButtons.swift */ = {isa = PBXFileReference; lastKnownFileType = sourcecode.swift; path = MetricButtons.swift; sourceTree = "<group>"; };
		22D127ED2740713500932614 /* TimeDifference.swift */ = {isa = PBXFileReference; lastKnownFileType = sourcecode.swift; path = TimeDifference.swift; sourceTree = "<group>"; };
		22D127EF2740A17B00932614 /* Following.swift */ = {isa = PBXFileReference; lastKnownFileType = sourcecode.swift; path = Following.swift; sourceTree = "<group>"; };
		22F2463B274CA40100AE17AD /* BlackBox */ = {isa = PBXFileReference; lastKnownFileType = folder; name = BlackBox; path = ../BlackBox; sourceTree = "<group>"; };
		22F2463E274D6A9E00AE17AD /* NSLayoutConstraint.replace.swift */ = {isa = PBXFileReference; lastKnownFileType = sourcecode.swift; path = NSLayoutConstraint.replace.swift; sourceTree = "<group>"; };
		22F24640274DC20200AE17AD /* CanonicalString.swift */ = {isa = PBXFileReference; lastKnownFileType = sourcecode.swift; name = CanonicalString.swift; path = /Users/SAM/Documents/UIBranch/Models/CanonicalString.swift; sourceTree = "<absolute>"; };
		22FD36B0274B454700CFB84C /* ReadIndicatorView.swift */ = {isa = PBXFileReference; lastKnownFileType = sourcecode.swift; path = ReadIndicatorView.swift; sourceTree = "<group>"; };
		338DA1FE21856F63227552BA /* Pods-UIBranch.debug.xcconfig */ = {isa = PBXFileReference; includeInIndex = 1; lastKnownFileType = text.xcconfig; name = "Pods-UIBranch.debug.xcconfig"; path = "Target Support Files/Pods-UIBranch/Pods-UIBranch.debug.xcconfig"; sourceTree = "<group>"; };
		6AA1567DBF1B99964040D14F /* Pods-UIBranch.release.xcconfig */ = {isa = PBXFileReference; includeInIndex = 1; lastKnownFileType = text.xcconfig; name = "Pods-UIBranch.release.xcconfig"; path = "Target Support Files/Pods-UIBranch/Pods-UIBranch.release.xcconfig"; sourceTree = "<group>"; };
		D9C6048D65B067C8D0766FEB /* Pods_UIBranch.framework */ = {isa = PBXFileReference; explicitFileType = wrapper.framework; includeInIndex = 0; path = Pods_UIBranch.framework; sourceTree = BUILT_PRODUCTS_DIR; };
/* End PBXFileReference section */

/* Begin PBXFrameworksBuildPhase section */
		223BBF2427377BE500375530 /* Frameworks */ = {
			isa = PBXFrameworksBuildPhase;
			buildActionMask = 2147483647;
			files = (
				3579A6A613DCA02DE5BEEC38 /* Pods_UIBranch.framework in Frameworks */,
				22F2463D274CA41800AE17AD /* BlackBox in Frameworks */,
				221A296D275D36B700C283FE /* SDWebImage in Frameworks */,
				223BBF5D27377E4600375530 /* Twig in Frameworks */,
			);
			runOnlyForDeploymentPostprocessing = 0;
		};
		223BBF3A27377BE600375530 /* Frameworks */ = {
			isa = PBXFrameworksBuildPhase;
			buildActionMask = 2147483647;
			files = (
			);
			runOnlyForDeploymentPostprocessing = 0;
		};
		223BBF4427377BE600375530 /* Frameworks */ = {
			isa = PBXFrameworksBuildPhase;
			buildActionMask = 2147483647;
			files = (
			);
			runOnlyForDeploymentPostprocessing = 0;
		};
/* End PBXFrameworksBuildPhase section */

/* Begin PBXGroup section */
		222161F02741A8D300220F0C /* CardCell */ = {
			isa = PBXGroup;
			children = (
				222161F12741A8EA00220F0C /* CardHeaderCell.swift */,
				220101D327545B94005C1385 /* ViewControllerDeque.swift */,
				220101D1275401D2005C1385 /* AspectRatioView.swift */,
				22760A42274A927A00F28F0A /* CardTeaserCell.swift */,
				224F88D1275E5B8600085678 /* Album */,
				22760A4A274AE63000F28F0A /* SummaryLine.swift */,
				22760A44274AA6ED00F28F0A /* CardBackground.swift */,
				22FD36B0274B454700CFB84C /* ReadIndicatorView.swift */,
				22760A40274A8B4200F28F0A /* TweetTextView.swift */,
			);
			path = CardCell;
			sourceTree = "<group>";
		};
		223BBF1E27377BE500375530 = {
			isa = PBXGroup;
			children = (
				223BBF7F2738476B00375530 /* Misc */,
				223BBF7227377EE500375530 /* Logging */,
				223BBF6727377EAD00375530 /* Models */,
				223BBF5A27377E3E00375530 /* Packages */,
				223BBF2927377BE500375530 /* UIBranch */,
				223BBF5E27377E6E00375530 /* Airport */,
				223BBF4027377BE600375530 /* UIBranchTests */,
				223BBF4A27377BE600375530 /* UIBranchUITests */,
				223BBF2827377BE500375530 /* Products */,
				E44226554E1314DFD9BA4529 /* Pods */,
				B0EEE3B548932ECDAC7403EE /* Frameworks */,
			);
			sourceTree = "<group>";
		};
		223BBF2827377BE500375530 /* Products */ = {
			isa = PBXGroup;
			children = (
				223BBF2727377BE500375530 /* Hyperthread.app */,
				223BBF3D27377BE600375530 /* UIBranchTests.xctest */,
				223BBF4727377BE600375530 /* UIBranchUITests.xctest */,
			);
			name = Products;
			sourceTree = "<group>";
		};
		223BBF2927377BE500375530 /* UIBranch */ = {
			isa = PBXGroup;
			children = (
				223BBF2A27377BE500375530 /* AppDelegate.swift */,
				223BBF2C27377BE500375530 /* SceneDelegate.swift */,
				223BBF2E27377BE500375530 /* ViewController.swift */,
				223BBF852738572C00375530 /* MainTable.swift */,
				222161F52741D7FF00220F0C /* DiscussionTree.swift */,
				22760A46274ADEF500F28F0A /* MarkReadDaemon.swift */,
				222161F02741A8D300220F0C /* CardCell */,
				22D127DF2740653900932614 /* TweetCell */,
				22D127DB27404F4200932614 /* DiscussionTable.swift */,
				223BBF7D273846BE00375530 /* LoginState.swift */,
				223BBF792737867800375530 /* AuthView.swift */,
				22D127EF2740A17B00932614 /* Following.swift */,
				223BBF7527377F2100375530 /* MiscFetch.swift */,
				223BBF83273847E900375530 /* LoginViewController.swift */,
				223BBF7727377F5100375530 /* Storage.swift */,
				222161F32741C2F400220F0C /* AssetColors.swift */,
				223BBF3027377BE500375530 /* Main.storyboard */,
				223BBF3327377BE600375530 /* Assets.xcassets */,
				223BBF3527377BE600375530 /* LaunchScreen.storyboard */,
				223BBF3827377BE600375530 /* Info.plist */,
			);
			path = UIBranch;
			sourceTree = "<group>";
		};
		223BBF4027377BE600375530 /* UIBranchTests */ = {
			isa = PBXGroup;
			children = (
				223BBF4127377BE600375530 /* UIBranchTests.swift */,
			);
			path = UIBranchTests;
			sourceTree = "<group>";
		};
		223BBF4A27377BE600375530 /* UIBranchUITests */ = {
			isa = PBXGroup;
			children = (
				223BBF4B27377BE600375530 /* UIBranchUITests.swift */,
				223BBF4D27377BE600375530 /* UIBranchUITestsLaunchTests.swift */,
			);
			path = UIBranchUITests;
			sourceTree = "<group>";
		};
		223BBF5A27377E3E00375530 /* Packages */ = {
			isa = PBXGroup;
			children = (
				223BBF5B27377E3E00375530 /* Twig */,
				22F2463B274CA40100AE17AD /* BlackBox */,
			);
			name = Packages;
			sourceTree = "<group>";
		};
		223BBF5E27377E6E00375530 /* Airport */ = {
			isa = PBXGroup;
			children = (
				223BBF5F27377E8700375530 /* Airport.swift */,
				223BBF6027377E8800375530 /* AsyncMap.swift */,
				223BBF6127377E8800375530 /* BigFetch.swift */,
				223BBF6227377E8900375530 /* Buffer.swift */,
			);
			path = Airport;
			sourceTree = "<group>";
		};
		223BBF6727377EAD00375530 /* Models */ = {
			isa = PBXGroup;
			children = (
				223BBF6827377EC000375530 /* Conversation.swift */,
				223BBF6A27377EC000375530 /* Discussion.swift */,
				22760A48274ADFA900F28F0A /* ReadStatus.swift */,
				223BBF6C27377EC300375530 /* Query.swift */,
				223BBF6B27377EC100375530 /* Tweet.swift */,
				22F24640274DC20200AE17AD /* CanonicalString.swift */,
				22760A4E274B136200F28F0A /* Media.swift */,
				2248FF4F2745BEA100C6DEF9 /* Entities.swift */,
				223BBF6927377EC000375530 /* User.swift */,
			);
			path = Models;
			sourceTree = "<group>";
		};
		223BBF7227377EE500375530 /* Logging */ = {
			isa = PBXGroup;
			children = (
				223BBF7327377EF100375530 /* Logger.swift */,
			);
			path = Logging;
			sourceTree = "<group>";
		};
		223BBF7F2738476B00375530 /* Misc */ = {
			isa = PBXGroup;
			children = (
				223BBF7B273791A100375530 /* PMViewController.swift */,
				223BBF802738477000375530 /* Extensions */,
			);
			path = Misc;
			sourceTree = "<group>";
		};
		223BBF802738477000375530 /* Extensions */ = {
			isa = PBXGroup;
			children = (
				223BBF81273847C300375530 /* Adopt.swift */,
				221A296F275D533D00C283FE /* ControlledCell.swift */,
				221A2993275D943E00C283FE /* RemoveDuplicates.swift */,
				22F2463E274D6A9E00AE17AD /* NSLayoutConstraint.replace.swift */,
				223BBF8927385AFA00375530 /* OptionalCompare.swift */,
				223BBF8B27385B0F00375530 /* OptionalCast.swift */,
			);
			path = Extensions;
			sourceTree = "<group>";
		};
		224F88D1275E5B8600085678 /* Album */ = {
			isa = PBXGroup;
			children = (
				221A2991275D680900C283FE /* AlbumController.swift */,
				224F88D2275E5BBC00085678 /* FakePageDelegate.swift */,
				224F88D4275E5C8700085678 /* ImageViewController.swift */,
				224F88D6275E5CD300085678 /* ImageAnimate.swift */,
			);
			path = Album;
			sourceTree = "<group>";
		};
		22D127DF2740653900932614 /* TweetCell */ = {
			isa = PBXGroup;
			children = (
				22D127DD2740651C00932614 /* TweetCell.swift */,
				22D127EB274070CD00932614 /* MetricButtons.swift */,
				22D127ED2740713500932614 /* TimeDifference.swift */,
				22D127E02740655900932614 /* IconView.swift */,
				22760A4C274AF5A200F28F0A /* SpacedSeparator.swift */,
				22D127E6274065E900932614 /* UserView.swift */,
				22D127E42740659E00932614 /* RetweetView.swift */,
				22D127E927406F9700932614 /* RetweetSymbol.swift */,
			);
			path = TweetCell;
			sourceTree = "<group>";
		};
		B0EEE3B548932ECDAC7403EE /* Frameworks */ = {
			isa = PBXGroup;
			children = (
				D9C6048D65B067C8D0766FEB /* Pods_UIBranch.framework */,
			);
			name = Frameworks;
			sourceTree = "<group>";
		};
		E44226554E1314DFD9BA4529 /* Pods */ = {
			isa = PBXGroup;
			children = (
				338DA1FE21856F63227552BA /* Pods-UIBranch.debug.xcconfig */,
				6AA1567DBF1B99964040D14F /* Pods-UIBranch.release.xcconfig */,
			);
			path = Pods;
			sourceTree = "<group>";
		};
/* End PBXGroup section */

/* Begin PBXNativeTarget section */
		223BBF2627377BE500375530 /* Hyperthread */ = {
			isa = PBXNativeTarget;
			buildConfigurationList = 223BBF5127377BE600375530 /* Build configuration list for PBXNativeTarget "Hyperthread" */;
			buildPhases = (
				C2F4D91FEDE3D8A0ECE530D0 /* [CP] Check Pods Manifest.lock */,
				223BBF2327377BE500375530 /* Sources */,
				223BBF2427377BE500375530 /* Frameworks */,
				223BBF2527377BE500375530 /* Resources */,
				0BC796273172916157EBF55D /* [CP] Embed Pods Frameworks */,
			);
			buildRules = (
			);
			dependencies = (
			);
			name = Hyperthread;
			packageProductDependencies = (
				223BBF5C27377E4600375530 /* Twig */,
				22F2463C274CA41800AE17AD /* BlackBox */,
				221A296C275D36B700C283FE /* SDWebImage */,
			);
			productName = UIBranch;
			productReference = 223BBF2727377BE500375530 /* Hyperthread.app */;
			productType = "com.apple.product-type.application";
		};
		223BBF3C27377BE600375530 /* UIBranchTests */ = {
			isa = PBXNativeTarget;
			buildConfigurationList = 223BBF5427377BE600375530 /* Build configuration list for PBXNativeTarget "UIBranchTests" */;
			buildPhases = (
				223BBF3927377BE600375530 /* Sources */,
				223BBF3A27377BE600375530 /* Frameworks */,
				223BBF3B27377BE600375530 /* Resources */,
			);
			buildRules = (
			);
			dependencies = (
				223BBF3F27377BE600375530 /* PBXTargetDependency */,
			);
			name = UIBranchTests;
			productName = UIBranchTests;
			productReference = 223BBF3D27377BE600375530 /* UIBranchTests.xctest */;
			productType = "com.apple.product-type.bundle.unit-test";
		};
		223BBF4627377BE600375530 /* UIBranchUITests */ = {
			isa = PBXNativeTarget;
			buildConfigurationList = 223BBF5727377BE600375530 /* Build configuration list for PBXNativeTarget "UIBranchUITests" */;
			buildPhases = (
				223BBF4327377BE600375530 /* Sources */,
				223BBF4427377BE600375530 /* Frameworks */,
				223BBF4527377BE600375530 /* Resources */,
			);
			buildRules = (
			);
			dependencies = (
				223BBF4927377BE600375530 /* PBXTargetDependency */,
			);
			name = UIBranchUITests;
			productName = UIBranchUITests;
			productReference = 223BBF4727377BE600375530 /* UIBranchUITests.xctest */;
			productType = "com.apple.product-type.bundle.ui-testing";
		};
/* End PBXNativeTarget section */

/* Begin PBXProject section */
		223BBF1F27377BE500375530 /* Project object */ = {
			isa = PBXProject;
			attributes = {
				BuildIndependentTargetsInParallel = 1;
				LastSwiftUpdateCheck = 1310;
				LastUpgradeCheck = 1310;
				TargetAttributes = {
					223BBF2627377BE500375530 = {
						CreatedOnToolsVersion = 13.1;
					};
					223BBF3C27377BE600375530 = {
						CreatedOnToolsVersion = 13.1;
						TestTargetID = 223BBF2627377BE500375530;
					};
					223BBF4627377BE600375530 = {
						CreatedOnToolsVersion = 13.1;
						TestTargetID = 223BBF2627377BE500375530;
					};
				};
			};
			buildConfigurationList = 223BBF2227377BE500375530 /* Build configuration list for PBXProject "UIBranch" */;
			compatibilityVersion = "Xcode 13.0";
			developmentRegion = en;
			hasScannedForEncodings = 0;
			knownRegions = (
				en,
				Base,
			);
			mainGroup = 223BBF1E27377BE500375530;
			packageReferences = (
				221A296B275D36B700C283FE /* XCRemoteSwiftPackageReference "SDWebImage" */,
			);
			productRefGroup = 223BBF2827377BE500375530 /* Products */;
			projectDirPath = "";
			projectRoot = "";
			targets = (
				223BBF2627377BE500375530 /* Hyperthread */,
				223BBF3C27377BE600375530 /* UIBranchTests */,
				223BBF4627377BE600375530 /* UIBranchUITests */,
			);
		};
/* End PBXProject section */

/* Begin PBXResourcesBuildPhase section */
		223BBF2527377BE500375530 /* Resources */ = {
			isa = PBXResourcesBuildPhase;
			buildActionMask = 2147483647;
			files = (
				223BBF3727377BE600375530 /* LaunchScreen.storyboard in Resources */,
				223BBF3427377BE600375530 /* Assets.xcassets in Resources */,
				223BBF3227377BE500375530 /* Main.storyboard in Resources */,
			);
			runOnlyForDeploymentPostprocessing = 0;
		};
		223BBF3B27377BE600375530 /* Resources */ = {
			isa = PBXResourcesBuildPhase;
			buildActionMask = 2147483647;
			files = (
			);
			runOnlyForDeploymentPostprocessing = 0;
		};
		223BBF4527377BE600375530 /* Resources */ = {
			isa = PBXResourcesBuildPhase;
			buildActionMask = 2147483647;
			files = (
			);
			runOnlyForDeploymentPostprocessing = 0;
		};
/* End PBXResourcesBuildPhase section */

/* Begin PBXShellScriptBuildPhase section */
		0BC796273172916157EBF55D /* [CP] Embed Pods Frameworks */ = {
			isa = PBXShellScriptBuildPhase;
			buildActionMask = 2147483647;
			files = (
			);
			inputFileListPaths = (
				"${PODS_ROOT}/Target Support Files/Pods-UIBranch/Pods-UIBranch-frameworks-${CONFIGURATION}-input-files.xcfilelist",
			);
			name = "[CP] Embed Pods Frameworks";
			outputFileListPaths = (
				"${PODS_ROOT}/Target Support Files/Pods-UIBranch/Pods-UIBranch-frameworks-${CONFIGURATION}-output-files.xcfilelist",
			);
			runOnlyForDeploymentPostprocessing = 0;
			shellPath = /bin/sh;
			shellScript = "\"${PODS_ROOT}/Target Support Files/Pods-UIBranch/Pods-UIBranch-frameworks.sh\"\n";
			showEnvVarsInLog = 0;
		};
		C2F4D91FEDE3D8A0ECE530D0 /* [CP] Check Pods Manifest.lock */ = {
			isa = PBXShellScriptBuildPhase;
			buildActionMask = 2147483647;
			files = (
			);
			inputFileListPaths = (
			);
			inputPaths = (
				"${PODS_PODFILE_DIR_PATH}/Podfile.lock",
				"${PODS_ROOT}/Manifest.lock",
			);
			name = "[CP] Check Pods Manifest.lock";
			outputFileListPaths = (
			);
			outputPaths = (
				"$(DERIVED_FILE_DIR)/Pods-UIBranch-checkManifestLockResult.txt",
			);
			runOnlyForDeploymentPostprocessing = 0;
			shellPath = /bin/sh;
			shellScript = "diff \"${PODS_PODFILE_DIR_PATH}/Podfile.lock\" \"${PODS_ROOT}/Manifest.lock\" > /dev/null\nif [ $? != 0 ] ; then\n    # print error to STDERR\n    echo \"error: The sandbox is not in sync with the Podfile.lock. Run 'pod install' or update your CocoaPods installation.\" >&2\n    exit 1\nfi\n# This output is used by Xcode 'outputs' to avoid re-running this script phase.\necho \"SUCCESS\" > \"${SCRIPT_OUTPUT_FILE_0}\"\n";
			showEnvVarsInLog = 0;
		};
/* End PBXShellScriptBuildPhase section */

/* Begin PBXSourcesBuildPhase section */
		223BBF2327377BE500375530 /* Sources */ = {
			isa = PBXSourcesBuildPhase;
			buildActionMask = 2147483647;
			files = (
				224F88D7275E5CD300085678 /* ImageAnimate.swift in Sources */,
				22D127EA27406F9700932614 /* RetweetSymbol.swift in Sources */,
				22760A43274A927A00F28F0A /* CardTeaserCell.swift in Sources */,
				22D127EC274070CD00932614 /* MetricButtons.swift in Sources */,
				22760A45274AA6ED00F28F0A /* CardBackground.swift in Sources */,
				223BBF8C27385B0F00375530 /* OptionalCast.swift in Sources */,
				223BBF6D27377EC300375530 /* Conversation.swift in Sources */,
				223BBF7E273846BE00375530 /* LoginState.swift in Sources */,
				22D127E7274065E900932614 /* UserView.swift in Sources */,
				2248FF502745BEA100C6DEF9 /* Entities.swift in Sources */,
				22D127E12740655900932614 /* IconView.swift in Sources */,
				224F88D5275E5C8700085678 /* ImageViewController.swift in Sources */,
				223BBF862738572C00375530 /* MainTable.swift in Sources */,
				223BBF6F27377EC300375530 /* Discussion.swift in Sources */,
				22D127EE2740713500932614 /* TimeDifference.swift in Sources */,
				223BBF2F27377BE500375530 /* ViewController.swift in Sources */,
				22FD36B1274B454700CFB84C /* ReadIndicatorView.swift in Sources */,
				223BBF6527377E8900375530 /* BigFetch.swift in Sources */,
				223BBF7127377EC300375530 /* Query.swift in Sources */,
				223BBF6627377E8900375530 /* Buffer.swift in Sources */,
				223BBF7A2737867800375530 /* AuthView.swift in Sources */,
				22760A41274A8B4200F28F0A /* TweetTextView.swift in Sources */,
				220101D427545B94005C1385 /* ViewControllerDeque.swift in Sources */,
				222161F62741D7FF00220F0C /* DiscussionTree.swift in Sources */,
				223BBF84273847E900375530 /* LoginViewController.swift in Sources */,
				22D127F02740A17B00932614 /* Following.swift in Sources */,
				22760A4F274B136200F28F0A /* Media.swift in Sources */,
				223BBF7C273791A100375530 /* PMViewController.swift in Sources */,
				22D127DE2740651C00932614 /* TweetCell.swift in Sources */,
				22760A4B274AE63000F28F0A /* SummaryLine.swift in Sources */,
				223BBF6327377E8900375530 /* Airport.swift in Sources */,
				221A2970275D533D00C283FE /* ControlledCell.swift in Sources */,
				223BBF82273847C300375530 /* Adopt.swift in Sources */,
				223BBF6E27377EC300375530 /* User.swift in Sources */,
				223BBF7627377F2100375530 /* MiscFetch.swift in Sources */,
				222161F22741A8EA00220F0C /* CardHeaderCell.swift in Sources */,
				223BBF2B27377BE500375530 /* AppDelegate.swift in Sources */,
				223BBF7427377EF100375530 /* Logger.swift in Sources */,
				223BBF8A27385AFA00375530 /* OptionalCompare.swift in Sources */,
				223BBF2D27377BE500375530 /* SceneDelegate.swift in Sources */,
				22F24641274DC20200AE17AD /* CanonicalString.swift in Sources */,
				222161F42741C2F400220F0C /* AssetColors.swift in Sources */,
				22760A47274ADEF500F28F0A /* MarkReadDaemon.swift in Sources */,
				221A2994275D943E00C283FE /* RemoveDuplicates.swift in Sources */,
				224F88D3275E5BBC00085678 /* FakePageDelegate.swift in Sources */,
				22D127E52740659E00932614 /* RetweetView.swift in Sources */,
				221A2992275D680900C283FE /* AlbumController.swift in Sources */,
				22D127DC27404F4200932614 /* DiscussionTable.swift in Sources */,
				22760A49274ADFA900F28F0A /* ReadStatus.swift in Sources */,
				220101D2275401D2005C1385 /* AspectRatioView.swift in Sources */,
				22760A4D274AF5A200F28F0A /* SpacedSeparator.swift in Sources */,
				22F2463F274D6A9E00AE17AD /* NSLayoutConstraint.replace.swift in Sources */,
				223BBF6427377E8900375530 /* AsyncMap.swift in Sources */,
				223BBF7027377EC300375530 /* Tweet.swift in Sources */,
				223BBF7827377F5100375530 /* Storage.swift in Sources */,
			);
			runOnlyForDeploymentPostprocessing = 0;
		};
		223BBF3927377BE600375530 /* Sources */ = {
			isa = PBXSourcesBuildPhase;
			buildActionMask = 2147483647;
			files = (
				223BBF4227377BE600375530 /* UIBranchTests.swift in Sources */,
			);
			runOnlyForDeploymentPostprocessing = 0;
		};
		223BBF4327377BE600375530 /* Sources */ = {
			isa = PBXSourcesBuildPhase;
			buildActionMask = 2147483647;
			files = (
				223BBF4E27377BE600375530 /* UIBranchUITestsLaunchTests.swift in Sources */,
				223BBF4C27377BE600375530 /* UIBranchUITests.swift in Sources */,
			);
			runOnlyForDeploymentPostprocessing = 0;
		};
/* End PBXSourcesBuildPhase section */

/* Begin PBXTargetDependency section */
		223BBF3F27377BE600375530 /* PBXTargetDependency */ = {
			isa = PBXTargetDependency;
			target = 223BBF2627377BE500375530 /* Hyperthread */;
			targetProxy = 223BBF3E27377BE600375530 /* PBXContainerItemProxy */;
		};
		223BBF4927377BE600375530 /* PBXTargetDependency */ = {
			isa = PBXTargetDependency;
			target = 223BBF2627377BE500375530 /* Hyperthread */;
			targetProxy = 223BBF4827377BE600375530 /* PBXContainerItemProxy */;
		};
/* End PBXTargetDependency section */

/* Begin PBXVariantGroup section */
		223BBF3027377BE500375530 /* Main.storyboard */ = {
			isa = PBXVariantGroup;
			children = (
				223BBF3127377BE500375530 /* Base */,
			);
			name = Main.storyboard;
			sourceTree = "<group>";
		};
		223BBF3527377BE600375530 /* LaunchScreen.storyboard */ = {
			isa = PBXVariantGroup;
			children = (
				223BBF3627377BE600375530 /* Base */,
			);
			name = LaunchScreen.storyboard;
			sourceTree = "<group>";
		};
/* End PBXVariantGroup section */

/* Begin XCBuildConfiguration section */
		223BBF4F27377BE600375530 /* Debug */ = {
			isa = XCBuildConfiguration;
			buildSettings = {
				ALWAYS_SEARCH_USER_PATHS = NO;
				CLANG_ANALYZER_NONNULL = YES;
				CLANG_ANALYZER_NUMBER_OBJECT_CONVERSION = YES_AGGRESSIVE;
				CLANG_CXX_LANGUAGE_STANDARD = "gnu++17";
				CLANG_CXX_LIBRARY = "libc++";
				CLANG_ENABLE_MODULES = YES;
				CLANG_ENABLE_OBJC_ARC = YES;
				CLANG_ENABLE_OBJC_WEAK = YES;
				CLANG_WARN_BLOCK_CAPTURE_AUTORELEASING = YES;
				CLANG_WARN_BOOL_CONVERSION = YES;
				CLANG_WARN_COMMA = YES;
				CLANG_WARN_CONSTANT_CONVERSION = YES;
				CLANG_WARN_DEPRECATED_OBJC_IMPLEMENTATIONS = YES;
				CLANG_WARN_DIRECT_OBJC_ISA_USAGE = YES_ERROR;
				CLANG_WARN_DOCUMENTATION_COMMENTS = YES;
				CLANG_WARN_EMPTY_BODY = YES;
				CLANG_WARN_ENUM_CONVERSION = YES;
				CLANG_WARN_INFINITE_RECURSION = YES;
				CLANG_WARN_INT_CONVERSION = YES;
				CLANG_WARN_NON_LITERAL_NULL_CONVERSION = YES;
				CLANG_WARN_OBJC_IMPLICIT_RETAIN_SELF = YES;
				CLANG_WARN_OBJC_LITERAL_CONVERSION = YES;
				CLANG_WARN_OBJC_ROOT_CLASS = YES_ERROR;
				CLANG_WARN_QUOTED_INCLUDE_IN_FRAMEWORK_HEADER = YES;
				CLANG_WARN_RANGE_LOOP_ANALYSIS = YES;
				CLANG_WARN_STRICT_PROTOTYPES = YES;
				CLANG_WARN_SUSPICIOUS_MOVE = YES;
				CLANG_WARN_UNGUARDED_AVAILABILITY = YES_AGGRESSIVE;
				CLANG_WARN_UNREACHABLE_CODE = YES;
				CLANG_WARN__DUPLICATE_METHOD_MATCH = YES;
				COPY_PHASE_STRIP = NO;
				DEBUG_INFORMATION_FORMAT = dwarf;
				ENABLE_STRICT_OBJC_MSGSEND = YES;
				ENABLE_TESTABILITY = YES;
				GCC_C_LANGUAGE_STANDARD = gnu11;
				GCC_DYNAMIC_NO_PIC = NO;
				GCC_NO_COMMON_BLOCKS = YES;
				GCC_OPTIMIZATION_LEVEL = 0;
				GCC_PREPROCESSOR_DEFINITIONS = (
					"DEBUG=1",
					"$(inherited)",
				);
				GCC_WARN_64_TO_32_BIT_CONVERSION = YES;
				GCC_WARN_ABOUT_RETURN_TYPE = YES_ERROR;
				GCC_WARN_UNDECLARED_SELECTOR = YES;
				GCC_WARN_UNINITIALIZED_AUTOS = YES_AGGRESSIVE;
				GCC_WARN_UNUSED_FUNCTION = YES;
				GCC_WARN_UNUSED_VARIABLE = YES;
				IPHONEOS_DEPLOYMENT_TARGET = 15.0;
				MTL_ENABLE_DEBUG_INFO = INCLUDE_SOURCE;
				MTL_FAST_MATH = YES;
				ONLY_ACTIVE_ARCH = YES;
				SDKROOT = iphoneos;
				SWIFT_ACTIVE_COMPILATION_CONDITIONS = DEBUG;
				SWIFT_OPTIMIZATION_LEVEL = "-Onone";
			};
			name = Debug;
		};
		223BBF5027377BE600375530 /* Release */ = {
			isa = XCBuildConfiguration;
			buildSettings = {
				ALWAYS_SEARCH_USER_PATHS = NO;
				CLANG_ANALYZER_NONNULL = YES;
				CLANG_ANALYZER_NUMBER_OBJECT_CONVERSION = YES_AGGRESSIVE;
				CLANG_CXX_LANGUAGE_STANDARD = "gnu++17";
				CLANG_CXX_LIBRARY = "libc++";
				CLANG_ENABLE_MODULES = YES;
				CLANG_ENABLE_OBJC_ARC = YES;
				CLANG_ENABLE_OBJC_WEAK = YES;
				CLANG_WARN_BLOCK_CAPTURE_AUTORELEASING = YES;
				CLANG_WARN_BOOL_CONVERSION = YES;
				CLANG_WARN_COMMA = YES;
				CLANG_WARN_CONSTANT_CONVERSION = YES;
				CLANG_WARN_DEPRECATED_OBJC_IMPLEMENTATIONS = YES;
				CLANG_WARN_DIRECT_OBJC_ISA_USAGE = YES_ERROR;
				CLANG_WARN_DOCUMENTATION_COMMENTS = YES;
				CLANG_WARN_EMPTY_BODY = YES;
				CLANG_WARN_ENUM_CONVERSION = YES;
				CLANG_WARN_INFINITE_RECURSION = YES;
				CLANG_WARN_INT_CONVERSION = YES;
				CLANG_WARN_NON_LITERAL_NULL_CONVERSION = YES;
				CLANG_WARN_OBJC_IMPLICIT_RETAIN_SELF = YES;
				CLANG_WARN_OBJC_LITERAL_CONVERSION = YES;
				CLANG_WARN_OBJC_ROOT_CLASS = YES_ERROR;
				CLANG_WARN_QUOTED_INCLUDE_IN_FRAMEWORK_HEADER = YES;
				CLANG_WARN_RANGE_LOOP_ANALYSIS = YES;
				CLANG_WARN_STRICT_PROTOTYPES = YES;
				CLANG_WARN_SUSPICIOUS_MOVE = YES;
				CLANG_WARN_UNGUARDED_AVAILABILITY = YES_AGGRESSIVE;
				CLANG_WARN_UNREACHABLE_CODE = YES;
				CLANG_WARN__DUPLICATE_METHOD_MATCH = YES;
				COPY_PHASE_STRIP = NO;
				DEBUG_INFORMATION_FORMAT = "dwarf-with-dsym";
				ENABLE_NS_ASSERTIONS = NO;
				ENABLE_STRICT_OBJC_MSGSEND = YES;
				GCC_C_LANGUAGE_STANDARD = gnu11;
				GCC_NO_COMMON_BLOCKS = YES;
				GCC_WARN_64_TO_32_BIT_CONVERSION = YES;
				GCC_WARN_ABOUT_RETURN_TYPE = YES_ERROR;
				GCC_WARN_UNDECLARED_SELECTOR = YES;
				GCC_WARN_UNINITIALIZED_AUTOS = YES_AGGRESSIVE;
				GCC_WARN_UNUSED_FUNCTION = YES;
				GCC_WARN_UNUSED_VARIABLE = YES;
				IPHONEOS_DEPLOYMENT_TARGET = 15.0;
				MTL_ENABLE_DEBUG_INFO = NO;
				MTL_FAST_MATH = YES;
				SDKROOT = iphoneos;
				SWIFT_COMPILATION_MODE = wholemodule;
				SWIFT_OPTIMIZATION_LEVEL = "-O";
				VALIDATE_PRODUCT = YES;
			};
			name = Release;
		};
		223BBF5227377BE600375530 /* Debug */ = {
			isa = XCBuildConfiguration;
			baseConfigurationReference = 338DA1FE21856F63227552BA /* Pods-UIBranch.debug.xcconfig */;
			buildSettings = {
				ASSETCATALOG_COMPILER_APPICON_NAME = AppIcon;
				ASSETCATALOG_COMPILER_GLOBAL_ACCENT_COLOR_NAME = AccentColor;
				CODE_SIGN_STYLE = Automatic;
				CURRENT_PROJECT_VERSION = 1;
				DEVELOPMENT_TEAM = 949D776DFQ;
				GENERATE_INFOPLIST_FILE = YES;
				INFOPLIST_FILE = UIBranch/Info.plist;
				INFOPLIST_KEY_CFBundleDisplayName = Hyperthread;
				INFOPLIST_KEY_UIApplicationSupportsIndirectInputEvents = YES;
				INFOPLIST_KEY_UILaunchStoryboardName = LaunchScreen;
				INFOPLIST_KEY_UIMainStoryboardFile = Main;
				INFOPLIST_KEY_UISupportedInterfaceOrientations_iPad = "UIInterfaceOrientationPortrait UIInterfaceOrientationPortraitUpsideDown UIInterfaceOrientationLandscapeLeft UIInterfaceOrientationLandscapeRight";
				INFOPLIST_KEY_UISupportedInterfaceOrientations_iPhone = "UIInterfaceOrientationPortrait UIInterfaceOrientationLandscapeLeft UIInterfaceOrientationLandscapeRight";
				LD_RUNPATH_SEARCH_PATHS = (
					"$(inherited)",
					"@executable_path/Frameworks",
				);
				MARKETING_VERSION = 1.0;
				PRODUCT_BUNDLE_IDENTIFIER = "-.UIBranch";
				PRODUCT_NAME = "$(TARGET_NAME)";
				SWIFT_EMIT_LOC_STRINGS = YES;
				SWIFT_VERSION = 5.0;
				TARGETED_DEVICE_FAMILY = "1,2";
			};
			name = Debug;
		};
		223BBF5327377BE600375530 /* Release */ = {
			isa = XCBuildConfiguration;
			baseConfigurationReference = 6AA1567DBF1B99964040D14F /* Pods-UIBranch.release.xcconfig */;
			buildSettings = {
				ASSETCATALOG_COMPILER_APPICON_NAME = AppIcon;
				ASSETCATALOG_COMPILER_GLOBAL_ACCENT_COLOR_NAME = AccentColor;
				CODE_SIGN_STYLE = Automatic;
				CURRENT_PROJECT_VERSION = 1;
				DEVELOPMENT_TEAM = 949D776DFQ;
				GENERATE_INFOPLIST_FILE = YES;
				INFOPLIST_FILE = UIBranch/Info.plist;
				INFOPLIST_KEY_CFBundleDisplayName = Hyperthread;
				INFOPLIST_KEY_UIApplicationSupportsIndirectInputEvents = YES;
				INFOPLIST_KEY_UILaunchStoryboardName = LaunchScreen;
				INFOPLIST_KEY_UIMainStoryboardFile = Main;
				INFOPLIST_KEY_UISupportedInterfaceOrientations_iPad = "UIInterfaceOrientationPortrait UIInterfaceOrientationPortraitUpsideDown UIInterfaceOrientationLandscapeLeft UIInterfaceOrientationLandscapeRight";
				INFOPLIST_KEY_UISupportedInterfaceOrientations_iPhone = "UIInterfaceOrientationPortrait UIInterfaceOrientationLandscapeLeft UIInterfaceOrientationLandscapeRight";
				LD_RUNPATH_SEARCH_PATHS = (
					"$(inherited)",
					"@executable_path/Frameworks",
				);
				MARKETING_VERSION = 1.0;
				PRODUCT_BUNDLE_IDENTIFIER = "-.UIBranch";
				PRODUCT_NAME = "$(TARGET_NAME)";
				SWIFT_EMIT_LOC_STRINGS = YES;
				SWIFT_VERSION = 5.0;
				TARGETED_DEVICE_FAMILY = "1,2";
			};
			name = Release;
		};
		223BBF5527377BE600375530 /* Debug */ = {
			isa = XCBuildConfiguration;
			buildSettings = {
				ALWAYS_EMBED_SWIFT_STANDARD_LIBRARIES = YES;
				BUNDLE_LOADER = "$(TEST_HOST)";
				CODE_SIGN_STYLE = Automatic;
				CURRENT_PROJECT_VERSION = 1;
				DEVELOPMENT_TEAM = 949D776DFQ;
				GENERATE_INFOPLIST_FILE = YES;
				IPHONEOS_DEPLOYMENT_TARGET = 15.0;
				LD_RUNPATH_SEARCH_PATHS = (
					"$(inherited)",
					"@executable_path/Frameworks",
					"@loader_path/Frameworks",
				);
				MARKETING_VERSION = 1.0;
				PRODUCT_BUNDLE_IDENTIFIER = "-.UIBranchTests";
				PRODUCT_NAME = "$(TARGET_NAME)";
				SWIFT_EMIT_LOC_STRINGS = NO;
				SWIFT_VERSION = 5.0;
				TARGETED_DEVICE_FAMILY = "1,2";
				TEST_HOST = "$(BUILT_PRODUCTS_DIR)/UIBranch.app/UIBranch";
			};
			name = Debug;
		};
		223BBF5627377BE600375530 /* Release */ = {
			isa = XCBuildConfiguration;
			buildSettings = {
				ALWAYS_EMBED_SWIFT_STANDARD_LIBRARIES = YES;
				BUNDLE_LOADER = "$(TEST_HOST)";
				CODE_SIGN_STYLE = Automatic;
				CURRENT_PROJECT_VERSION = 1;
				DEVELOPMENT_TEAM = 949D776DFQ;
				GENERATE_INFOPLIST_FILE = YES;
				IPHONEOS_DEPLOYMENT_TARGET = 15.0;
				LD_RUNPATH_SEARCH_PATHS = (
					"$(inherited)",
					"@executable_path/Frameworks",
					"@loader_path/Frameworks",
				);
				MARKETING_VERSION = 1.0;
				PRODUCT_BUNDLE_IDENTIFIER = "-.UIBranchTests";
				PRODUCT_NAME = "$(TARGET_NAME)";
				SWIFT_EMIT_LOC_STRINGS = NO;
				SWIFT_VERSION = 5.0;
				TARGETED_DEVICE_FAMILY = "1,2";
				TEST_HOST = "$(BUILT_PRODUCTS_DIR)/UIBranch.app/UIBranch";
			};
			name = Release;
		};
		223BBF5827377BE600375530 /* Debug */ = {
			isa = XCBuildConfiguration;
			buildSettings = {
				ALWAYS_EMBED_SWIFT_STANDARD_LIBRARIES = YES;
				CODE_SIGN_STYLE = Automatic;
				CURRENT_PROJECT_VERSION = 1;
				DEVELOPMENT_TEAM = 949D776DFQ;
				GENERATE_INFOPLIST_FILE = YES;
				LD_RUNPATH_SEARCH_PATHS = (
					"$(inherited)",
					"@executable_path/Frameworks",
					"@loader_path/Frameworks",
				);
				MARKETING_VERSION = 1.0;
				PRODUCT_BUNDLE_IDENTIFIER = "-.UIBranchUITests";
				PRODUCT_NAME = "$(TARGET_NAME)";
				SWIFT_EMIT_LOC_STRINGS = NO;
				SWIFT_VERSION = 5.0;
				TARGETED_DEVICE_FAMILY = "1,2";
				TEST_TARGET_NAME = UIBranch;
			};
			name = Debug;
		};
		223BBF5927377BE600375530 /* Release */ = {
			isa = XCBuildConfiguration;
			buildSettings = {
				ALWAYS_EMBED_SWIFT_STANDARD_LIBRARIES = YES;
				CODE_SIGN_STYLE = Automatic;
				CURRENT_PROJECT_VERSION = 1;
				DEVELOPMENT_TEAM = 949D776DFQ;
				GENERATE_INFOPLIST_FILE = YES;
				LD_RUNPATH_SEARCH_PATHS = (
					"$(inherited)",
					"@executable_path/Frameworks",
					"@loader_path/Frameworks",
				);
				MARKETING_VERSION = 1.0;
				PRODUCT_BUNDLE_IDENTIFIER = "-.UIBranchUITests";
				PRODUCT_NAME = "$(TARGET_NAME)";
				SWIFT_EMIT_LOC_STRINGS = NO;
				SWIFT_VERSION = 5.0;
				TARGETED_DEVICE_FAMILY = "1,2";
				TEST_TARGET_NAME = UIBranch;
			};
			name = Release;
		};
/* End XCBuildConfiguration section */

/* Begin XCConfigurationList section */
		223BBF2227377BE500375530 /* Build configuration list for PBXProject "UIBranch" */ = {
			isa = XCConfigurationList;
			buildConfigurations = (
				223BBF4F27377BE600375530 /* Debug */,
				223BBF5027377BE600375530 /* Release */,
			);
			defaultConfigurationIsVisible = 0;
			defaultConfigurationName = Release;
		};
		223BBF5127377BE600375530 /* Build configuration list for PBXNativeTarget "Hyperthread" */ = {
			isa = XCConfigurationList;
			buildConfigurations = (
				223BBF5227377BE600375530 /* Debug */,
				223BBF5327377BE600375530 /* Release */,
			);
			defaultConfigurationIsVisible = 0;
			defaultConfigurationName = Release;
		};
		223BBF5427377BE600375530 /* Build configuration list for PBXNativeTarget "UIBranchTests" */ = {
			isa = XCConfigurationList;
			buildConfigurations = (
				223BBF5527377BE600375530 /* Debug */,
				223BBF5627377BE600375530 /* Release */,
			);
			defaultConfigurationIsVisible = 0;
			defaultConfigurationName = Release;
		};
		223BBF5727377BE600375530 /* Build configuration list for PBXNativeTarget "UIBranchUITests" */ = {
			isa = XCConfigurationList;
			buildConfigurations = (
				223BBF5827377BE600375530 /* Debug */,
				223BBF5927377BE600375530 /* Release */,
			);
			defaultConfigurationIsVisible = 0;
			defaultConfigurationName = Release;
		};
/* End XCConfigurationList section */

/* Begin XCRemoteSwiftPackageReference section */
		221A296B275D36B700C283FE /* XCRemoteSwiftPackageReference "SDWebImage" */ = {
			isa = XCRemoteSwiftPackageReference;
			repositoryURL = "https://github.com/SDWebImage/SDWebImage";
			requirement = {
				branch = master;
				kind = branch;
			};
		};
/* End XCRemoteSwiftPackageReference section */

/* Begin XCSwiftPackageProductDependency section */
		221A296C275D36B700C283FE /* SDWebImage */ = {
			isa = XCSwiftPackageProductDependency;
			package = 221A296B275D36B700C283FE /* XCRemoteSwiftPackageReference "SDWebImage" */;
			productName = SDWebImage;
		};
		223BBF5C27377E4600375530 /* Twig */ = {
			isa = XCSwiftPackageProductDependency;
			productName = Twig;
		};
		22F2463C274CA41800AE17AD /* BlackBox */ = {
			isa = XCSwiftPackageProductDependency;
			productName = BlackBox;
		};
/* End XCSwiftPackageProductDependency section */
	};
	rootObject = 223BBF1F27377BE500375530 /* Project object */;
}
