// !$*UTF8*$!
{
	archiveVersion = 1;
	classes = {
	};
	objectVersion = 55;
	objects = {

/* Begin PBXBuildFile section */
		220101D427545B94005C1385 /* ViewControllerDeque.swift in Sources */ = {isa = PBXBuildFile; fileRef = 220101D327545B94005C1385 /* ViewControllerDeque.swift */; };
		22144E1B27B83B79002AAFB6 /* CardTeaserCell.style.swift in Sources */ = {isa = PBXBuildFile; fileRef = 22144E1A27B83B79002AAFB6 /* CardTeaserCell.style.swift */; };
		22144E1D27B9B21F002AAFB6 /* UIImage.fill.swift in Sources */ = {isa = PBXBuildFile; fileRef = 22144E1C27B9B21F002AAFB6 /* UIImage.fill.swift */; };
		22193DA2278280CD005A7708 /* URLError.swift in Sources */ = {isa = PBXBuildFile; fileRef = 22193DA1278280CD005A7708 /* URLError.swift */; };
		22193DA427829C5E005A7708 /* ProfileImageView.swift in Sources */ = {isa = PBXBuildFile; fileRef = 22193DA327829C5E005A7708 /* ProfileImageView.swift */; };
		22193DAA2783DD5E005A7708 /* FollowingCache.swift in Sources */ = {isa = PBXBuildFile; fileRef = 22193DA92783DD5E005A7708 /* FollowingCache.swift */; };
		22193DAC2783E158005A7708 /* UserTimelineFetch.swift in Sources */ = {isa = PBXBuildFile; fileRef = 22193DAB2783E158005A7708 /* UserTimelineFetch.swift */; };
		22193DAF27840477005A7708 /* URLScheme.swift in Sources */ = {isa = PBXBuildFile; fileRef = 22193DAE27840477005A7708 /* URLScheme.swift */; };
		22193DB12784050F005A7708 /* TweetViewDelegate.swift in Sources */ = {isa = PBXBuildFile; fileRef = 22193DB02784050F005A7708 /* TweetViewDelegate.swift */; };
		22193DB327840923005A7708 /* UserModalViewController.swift in Sources */ = {isa = PBXBuildFile; fileRef = 22193DB227840923005A7708 /* UserModalViewController.swift */; };
		22193DB527859D2D005A7708 /* RealmError.swift in Sources */ = {isa = PBXBuildFile; fileRef = 22193DB427859D2B005A7708 /* RealmError.swift */; };
		22193DB72785A878005A7708 /* OnFollow.swift in Sources */ = {isa = PBXBuildFile; fileRef = 22193DB62785A878005A7708 /* OnFollow.swift */; };
		22193DBA2785C20B005A7708 /* OnUnfollow.swift in Sources */ = {isa = PBXBuildFile; fileRef = 22193DB92785C20B005A7708 /* OnUnfollow.swift */; };
		221A296D275D36B700C283FE /* SDWebImage in Frameworks */ = {isa = PBXBuildFile; productRef = 221A296C275D36B700C283FE /* SDWebImage */; };
		221A2970275D533D00C283FE /* ControlledCell.swift in Sources */ = {isa = PBXBuildFile; fileRef = 221A296F275D533D00C283FE /* ControlledCell.swift */; };
		221A2992275D680900C283FE /* AlbumController.swift in Sources */ = {isa = PBXBuildFile; fileRef = 221A2991275D680900C283FE /* AlbumController.swift */; };
		221A2994275D943E00C283FE /* RemoveDuplicates.swift in Sources */ = {isa = PBXBuildFile; fileRef = 221A2993275D943E00C283FE /* RemoveDuplicates.swift */; };
		222161F22741A8EA00220F0C /* CardHeaderCell.swift in Sources */ = {isa = PBXBuildFile; fileRef = 222161F12741A8EA00220F0C /* CardHeaderCell.swift */; };
		222161F42741C2F400220F0C /* AssetColors.swift in Sources */ = {isa = PBXBuildFile; fileRef = 222161F32741C2F400220F0C /* AssetColors.swift */; };
		2232DD2C2796F1E900936846 /* TableTopBar.swift in Sources */ = {isa = PBXBuildFile; fileRef = 2232DD2B2796F1E900936846 /* TableTopBar.swift */; };
		2232DD2E2796F75000936846 /* MainTableWrapper.swift in Sources */ = {isa = PBXBuildFile; fileRef = 2232DD2D2796F75000936846 /* MainTableWrapper.swift */; };
		22331BB927A5CC97003FDD5F /* CanonicalString.swift in Sources */ = {isa = PBXBuildFile; fileRef = 22331BB827A5CC97003FDD5F /* CanonicalString.swift */; };
		223BBF2B27377BE500375530 /* AppDelegate.swift in Sources */ = {isa = PBXBuildFile; fileRef = 223BBF2A27377BE500375530 /* AppDelegate.swift */; };
		223BBF2D27377BE500375530 /* SceneDelegate.swift in Sources */ = {isa = PBXBuildFile; fileRef = 223BBF2C27377BE500375530 /* SceneDelegate.swift */; };
		223BBF2F27377BE500375530 /* ViewController.swift in Sources */ = {isa = PBXBuildFile; fileRef = 223BBF2E27377BE500375530 /* ViewController.swift */; };
		223BBF3227377BE500375530 /* Main.storyboard in Resources */ = {isa = PBXBuildFile; fileRef = 223BBF3027377BE500375530 /* Main.storyboard */; };
		223BBF3427377BE600375530 /* Assets.xcassets in Resources */ = {isa = PBXBuildFile; fileRef = 223BBF3327377BE600375530 /* Assets.xcassets */; };
		223BBF3727377BE600375530 /* LaunchScreen.storyboard in Resources */ = {isa = PBXBuildFile; fileRef = 223BBF3527377BE600375530 /* LaunchScreen.storyboard */; };
		223BBF4227377BE600375530 /* HyperthreadTests.swift in Sources */ = {isa = PBXBuildFile; fileRef = 223BBF4127377BE600375530 /* HyperthreadTests.swift */; };
		223BBF4C27377BE600375530 /* HyperthreadUITests.swift in Sources */ = {isa = PBXBuildFile; fileRef = 223BBF4B27377BE600375530 /* HyperthreadUITests.swift */; };
		223BBF4E27377BE600375530 /* HyperthreadUITestsLaunchTests.swift in Sources */ = {isa = PBXBuildFile; fileRef = 223BBF4D27377BE600375530 /* HyperthreadUITestsLaunchTests.swift */; };
		223BBF5D27377E4600375530 /* Twig in Frameworks */ = {isa = PBXBuildFile; productRef = 223BBF5C27377E4600375530 /* Twig */; };
		223BBF6327377E8900375530 /* FetchAndStoreUsers.swift in Sources */ = {isa = PBXBuildFile; fileRef = 223BBF5F27377E8700375530 /* FetchAndStoreUsers.swift */; };
		223BBF6527377E8900375530 /* IngestTweet.swift in Sources */ = {isa = PBXBuildFile; fileRef = 223BBF6127377E8800375530 /* IngestTweet.swift */; };
		223BBF6D27377EC300375530 /* Conversation.swift in Sources */ = {isa = PBXBuildFile; fileRef = 223BBF6827377EC000375530 /* Conversation.swift */; };
		223BBF6E27377EC300375530 /* User.swift in Sources */ = {isa = PBXBuildFile; fileRef = 223BBF6927377EC000375530 /* User.swift */; };
		223BBF6F27377EC300375530 /* Discussion.swift in Sources */ = {isa = PBXBuildFile; fileRef = 223BBF6A27377EC000375530 /* Discussion.swift */; };
		223BBF7027377EC300375530 /* Tweet.swift in Sources */ = {isa = PBXBuildFile; fileRef = 223BBF6B27377EC100375530 /* Tweet.swift */; };
		223BBF7127377EC300375530 /* Query.swift in Sources */ = {isa = PBXBuildFile; fileRef = 223BBF6C27377EC300375530 /* Query.swift */; };
		223BBF7427377EF100375530 /* Logger.swift in Sources */ = {isa = PBXBuildFile; fileRef = 223BBF7327377EF100375530 /* Logger.swift */; };
		223BBF7827377F5100375530 /* Storage.swift in Sources */ = {isa = PBXBuildFile; fileRef = 223BBF7727377F5100375530 /* Storage.swift */; };
		223BBF7A2737867800375530 /* AuthView.swift in Sources */ = {isa = PBXBuildFile; fileRef = 223BBF792737867800375530 /* AuthView.swift */; };
		223BBF7C273791A100375530 /* PMViewController.swift in Sources */ = {isa = PBXBuildFile; fileRef = 223BBF7B273791A100375530 /* PMViewController.swift */; };
		223BBF7E273846BE00375530 /* LoginState.swift in Sources */ = {isa = PBXBuildFile; fileRef = 223BBF7D273846BE00375530 /* LoginState.swift */; };
		223BBF82273847C300375530 /* Adopt.swift in Sources */ = {isa = PBXBuildFile; fileRef = 223BBF81273847C300375530 /* Adopt.swift */; };
		223BBF84273847E900375530 /* LoginViewController.swift in Sources */ = {isa = PBXBuildFile; fileRef = 223BBF83273847E900375530 /* LoginViewController.swift */; };
		223BBF862738572C00375530 /* MainTable.swift in Sources */ = {isa = PBXBuildFile; fileRef = 223BBF852738572C00375530 /* MainTable.swift */; };
		223BBF8A27385AFA00375530 /* OptionalCompare.swift in Sources */ = {isa = PBXBuildFile; fileRef = 223BBF8927385AFA00375530 /* OptionalCompare.swift */; };
		223BBF8C27385B0F00375530 /* OptionalCast.swift in Sources */ = {isa = PBXBuildFile; fileRef = 223BBF8B27385B0F00375530 /* OptionalCast.swift */; };
		2248FF502745BEA100C6DEF9 /* Entities.swift in Sources */ = {isa = PBXBuildFile; fileRef = 2248FF4F2745BEA100C6DEF9 /* Entities.swift */; };
		2266D0C827616D6A0099477D /* ArrowRefreshControl.swift in Sources */ = {isa = PBXBuildFile; fileRef = 2266D0C727616D6A0099477D /* ArrowRefreshControl.swift */; };
		2266D0CA27616FDA0099477D /* GetHeight.swift in Sources */ = {isa = PBXBuildFile; fileRef = 2266D0C927616FDA0099477D /* GetHeight.swift */; };
		2266D0CC276197E20099477D /* ShowAlert.swift in Sources */ = {isa = PBXBuildFile; fileRef = 2266D0CB276197E20099477D /* ShowAlert.swift */; };
		22680A84276AA651008827F8 /* Sealed.swift in Sources */ = {isa = PBXBuildFile; fileRef = 22680A83276AA651008827F8 /* Sealed.swift */; };
		22680A90276B4159008827F8 /* PublicMetrics.swift in Sources */ = {isa = PBXBuildFile; fileRef = 22680A8F276B4159008827F8 /* PublicMetrics.swift */; };
		22680A92276B41B1008827F8 /* Relevance.swift in Sources */ = {isa = PBXBuildFile; fileRef = 22680A91276B41B1008827F8 /* Relevance.swift */; };
		226D2BB627E7F82100ACB0CA /* TopShadeView.swift in Sources */ = {isa = PBXBuildFile; fileRef = 226D2BB527E7F82100ACB0CA /* TopShadeView.swift */; };
		226D2BB827E806C000ACB0CA /* BottomShadeView.swift in Sources */ = {isa = PBXBuildFile; fileRef = 226D2BB727E806C000ACB0CA /* BottomShadeView.swift */; };
		22760A41274A8B4200F28F0A /* TweetTextView.swift in Sources */ = {isa = PBXBuildFile; fileRef = 22760A40274A8B4200F28F0A /* TweetTextView.swift */; };
		22760A43274A927A00F28F0A /* CardTeaserCell.swift in Sources */ = {isa = PBXBuildFile; fileRef = 22760A42274A927A00F28F0A /* CardTeaserCell.swift */; };
		22760A45274AA6ED00F28F0A /* CardBackground.swift in Sources */ = {isa = PBXBuildFile; fileRef = 22760A44274AA6ED00F28F0A /* CardBackground.swift */; };
		22760A47274ADEF500F28F0A /* MarkReadDaemon.swift in Sources */ = {isa = PBXBuildFile; fileRef = 22760A46274ADEF500F28F0A /* MarkReadDaemon.swift */; };
		22760A49274ADFA900F28F0A /* ReadStatus.swift in Sources */ = {isa = PBXBuildFile; fileRef = 22760A48274ADFA900F28F0A /* ReadStatus.swift */; };
		22760A4B274AE63000F28F0A /* SummaryLine.swift in Sources */ = {isa = PBXBuildFile; fileRef = 22760A4A274AE63000F28F0A /* SummaryLine.swift */; };
		22760A4D274AF5A200F28F0A /* SpacedSeparator.swift in Sources */ = {isa = PBXBuildFile; fileRef = 22760A4C274AF5A200F28F0A /* SpacedSeparator.swift */; };
		22760A4F274B136200F28F0A /* Media.swift in Sources */ = {isa = PBXBuildFile; fileRef = 22760A4E274B136200F28F0A /* Media.swift */; };
		22817B9727E11D6800D34C71 /* AbsoluteFrame.swift in Sources */ = {isa = PBXBuildFile; fileRef = 22817B9627E11D6800D34C71 /* AbsoluteFrame.swift */; };
		22817B9C27E2B70D00D34C71 /* VideoController.swift in Sources */ = {isa = PBXBuildFile; fileRef = 22817B9B27E2B70D00D34C71 /* VideoController.swift */; };
		22817BA027E3A0BC00D34C71 /* ZoomableImageView.swift in Sources */ = {isa = PBXBuildFile; fileRef = 22817B9F27E3A0BC00D34C71 /* ZoomableImageView.swift */; };
		22817BA327E4057200D34C71 /* GalleryViewController.swift in Sources */ = {isa = PBXBuildFile; fileRef = 22817BA227E4057200D34C71 /* GalleryViewController.swift */; };
		22817BA527E51B8F00D34C71 /* GeometryTargetProvider.swift in Sources */ = {isa = PBXBuildFile; fileRef = 22817BA427E51B8F00D34C71 /* GeometryTargetProvider.swift */; };
		22817BA727E51BF900D34C71 /* ModalPageViewCell.swift in Sources */ = {isa = PBXBuildFile; fileRef = 22817BA627E51BF900D34C71 /* ModalPageViewCell.swift */; };
		22817BA927E520AC00D34C71 /* ModalPageView.swift in Sources */ = {isa = PBXBuildFile; fileRef = 22817BA827E520AC00D34C71 /* ModalPageView.swift */; };
		22817BAB27E5210700D34C71 /* ModalPageLayout.swift in Sources */ = {isa = PBXBuildFile; fileRef = 22817BAA27E5210700D34C71 /* ModalPageLayout.swift */; };
		22817BAF27E5486800D34C71 /* GalleryTransition.swift in Sources */ = {isa = PBXBuildFile; fileRef = 22817BAE27E5486800D34C71 /* GalleryTransition.swift */; };
		22817BB127E5493A00D34C71 /* ModalPageViewController.swift in Sources */ = {isa = PBXBuildFile; fileRef = 22817BB027E5493A00D34C71 /* ModalPageViewController.swift */; };
		22817BB327E5496300D34C71 /* ModalAlbumDataSource.swift in Sources */ = {isa = PBXBuildFile; fileRef = 22817BB227E5496300D34C71 /* ModalAlbumDataSource.swift */; };
		22817BB527E5498400D34C71 /* GalleryView.swift in Sources */ = {isa = PBXBuildFile; fileRef = 22817BB427E5498400D34C71 /* GalleryView.swift */; };
		228A097A27EB9F48003714A0 /* ShadeCloseButton.swift in Sources */ = {isa = PBXBuildFile; fileRef = 228A097927EB9F47003714A0 /* ShadeCloseButton.swift */; };
		228A097C27EB9FCD003714A0 /* LiveTextButton.swift in Sources */ = {isa = PBXBuildFile; fileRef = 228A097B27EB9FCD003714A0 /* LiveTextButton.swift */; };
		228D71E7277A953500E306BD /* DateWindow.swift in Sources */ = {isa = PBXBuildFile; fileRef = 228D71E6277A953500E306BD /* DateWindow.swift */; };
		228D71E9277AC06100E306BD /* TimeInterval.swift in Sources */ = {isa = PBXBuildFile; fileRef = 228D71E8277AC06100E306BD /* TimeInterval.swift */; };
		228D71EB277C1BD400E306BD /* FollowingLine.swift in Sources */ = {isa = PBXBuildFile; fileRef = 228D71EA277C1BD400E306BD /* FollowingLine.swift */; };
		228D71ED277C1D2300E306BD /* CellEvent.swift in Sources */ = {isa = PBXBuildFile; fileRef = 228D71EC277C1D2300E306BD /* CellEvent.swift */; };
		228D71F02780128300E306BD /* RealmDateWindow.swift in Sources */ = {isa = PBXBuildFile; fileRef = 228D71EF2780128300E306BD /* RealmDateWindow.swift */; };
		228D71F22780142200E306BD /* UserTimelineWindow.swift in Sources */ = {isa = PBXBuildFile; fileRef = 228D71F12780142200E306BD /* UserTimelineWindow.swift */; };
		22A760BD27A5EF990006E9BC /* MakeRealm.swift in Sources */ = {isa = PBXBuildFile; fileRef = 22A760BC27A5EF990006E9BC /* MakeRealm.swift */; };
		22A760BF27A5F38E0006E9BC /* QuoteView.swift in Sources */ = {isa = PBXBuildFile; fileRef = 22A760BE27A5F38E0006E9BC /* QuoteView.swift */; };
		22A760C327A626640006E9BC /* LoadDiscussion.swift in Sources */ = {isa = PBXBuildFile; fileRef = 22A760C227A626640006E9BC /* LoadDiscussion.swift */; };
		22A760C527A750390006E9BC /* CountButton.swift in Sources */ = {isa = PBXBuildFile; fileRef = 22A760C427A750390006E9BC /* CountButton.swift */; };
		22A760C927A866610006E9BC /* DiscussionTableWrapper.swift in Sources */ = {isa = PBXBuildFile; fileRef = 22A760C827A866610006E9BC /* DiscussionTableWrapper.swift */; };
		22A760CD27A883100006E9BC /* DiscussionLoader.swift in Sources */ = {isa = PBXBuildFile; fileRef = 22A760CC27A883100006E9BC /* DiscussionLoader.swift */; };
		22A760CF27A8C8970006E9BC /* UIEdgeInsets.+.swift in Sources */ = {isa = PBXBuildFile; fileRef = 22A760CE27A8C8970006E9BC /* UIEdgeInsets.+.swift */; };
		22A9E9052772A86700C4EE99 /* TimestampButton.swift in Sources */ = {isa = PBXBuildFile; fileRef = 22A9E9042772A86700C4EE99 /* TimestampButton.swift */; };
		22BC9E8F27A5C95100721BD2 /* DiscussionTree.swift in Sources */ = {isa = PBXBuildFile; fileRef = 22BC9E8E27A5C95100721BD2 /* DiscussionTree.swift */; };
		22BC9E9127A5C97800721BD2 /* ColorMarkerView.swift in Sources */ = {isa = PBXBuildFile; fileRef = 22BC9E9027A5C97800721BD2 /* ColorMarkerView.swift */; };
		22BC9E9327A5C9A000721BD2 /* ImageViewController.swift in Sources */ = {isa = PBXBuildFile; fileRef = 22BC9E9227A5C9A000721BD2 /* ImageViewController.swift */; };
		22BE9C0D27606A280080E475 /* Supertall.swift in Sources */ = {isa = PBXBuildFile; fileRef = 22BE9C0C27606A280080E475 /* Supertall.swift */; };
		22BFD7A52774620600E46DF1 /* HomeTimelineHelper.swift in Sources */ = {isa = PBXBuildFile; fileRef = 22BFD7A42774620600E46DF1 /* HomeTimelineHelper.swift */; };
		22BFD7A72775882000E46DF1 /* Collection<Enum>.max.swift in Sources */ = {isa = PBXBuildFile; fileRef = 22BFD7A62775882000E46DF1 /* Collection<Enum>.max.swift */; };
		22BFD7A92775883F00E46DF1 /* Collection.isNotEmpty.swift in Sources */ = {isa = PBXBuildFile; fileRef = 22BFD7A82775883F00E46DF1 /* Collection.isNotEmpty.swift */; };
		22D127DC27404F4200932614 /* DiscussionTable.swift in Sources */ = {isa = PBXBuildFile; fileRef = 22D127DB27404F4200932614 /* DiscussionTable.swift */; };
		22D127DE2740651C00932614 /* TweetCell.swift in Sources */ = {isa = PBXBuildFile; fileRef = 22D127DD2740651C00932614 /* TweetCell.swift */; };
		22D127E12740655900932614 /* IconView.swift in Sources */ = {isa = PBXBuildFile; fileRef = 22D127E02740655900932614 /* IconView.swift */; };
		22D127E52740659E00932614 /* RetweetView.swift in Sources */ = {isa = PBXBuildFile; fileRef = 22D127E42740659E00932614 /* RetweetView.swift */; };
		22D127E7274065E900932614 /* UserView.swift in Sources */ = {isa = PBXBuildFile; fileRef = 22D127E6274065E900932614 /* UserView.swift */; };
		22D127EA27406F9700932614 /* RetweetSymbol.swift in Sources */ = {isa = PBXBuildFile; fileRef = 22D127E927406F9700932614 /* RetweetSymbol.swift */; };
		22D127EC274070CD00932614 /* MetricButtons.swift in Sources */ = {isa = PBXBuildFile; fileRef = 22D127EB274070CD00932614 /* MetricButtons.swift */; };
		22D127EE2740713500932614 /* TimeDifference.swift in Sources */ = {isa = PBXBuildFile; fileRef = 22D127ED2740713500932614 /* TimeDifference.swift */; };
		22D257272787E402005FC3D8 /* LoadAppData.swift in Sources */ = {isa = PBXBuildFile; fileRef = 22D257262787E402005FC3D8 /* LoadAppData.swift */; };
		22D2572E27883A56005FC3D8 /* ScrollPosition.swift in Sources */ = {isa = PBXBuildFile; fileRef = 22D2572D27883A56005FC3D8 /* ScrollPosition.swift */; };
		22D2573127883F75005FC3D8 /* ReferenceCrawler.swift in Sources */ = {isa = PBXBuildFile; fileRef = 22D2573027883F75005FC3D8 /* ReferenceCrawler.swift */; };
		22D257342788459D005FC3D8 /* Algorithms in Frameworks */ = {isa = PBXBuildFile; productRef = 22D257332788459D005FC3D8 /* Algorithms */; };
		22D2573627885720005FC3D8 /* AsyncHomeTimeline.swift in Sources */ = {isa = PBXBuildFile; fileRef = 22D2573527885720005FC3D8 /* AsyncHomeTimeline.swift */; };
		22DBDC5327EA1EFF005D0595 /* VisionTextResult.swift in Sources */ = {isa = PBXBuildFile; fileRef = 22DBDC5227EA1EFF005D0595 /* VisionTextResult.swift */; };
		22EE928D2799C5BB003C9056 /* UserMessage.swift in Sources */ = {isa = PBXBuildFile; fileRef = 22EE928C2799C5BB003C9056 /* UserMessage.swift */; };
		22F2463D274CA41800AE17AD /* BlackBox in Frameworks */ = {isa = PBXBuildFile; productRef = 22F2463C274CA41800AE17AD /* BlackBox */; };
		22F2463F274D6A9E00AE17AD /* NSLayoutConstraint.replace.swift in Sources */ = {isa = PBXBuildFile; fileRef = 22F2463E274D6A9E00AE17AD /* NSLayoutConstraint.replace.swift */; };
		22FA269A2794846F00DD8EE4 /* FirstFetch.swift in Sources */ = {isa = PBXBuildFile; fileRef = 22FA26992794846F00DD8EE4 /* FirstFetch.swift */; };
		22FA269E2794B88400DD8EE4 /* Truncated.swift in Sources */ = {isa = PBXBuildFile; fileRef = 22FA269D2794B88400DD8EE4 /* Truncated.swift */; };
		22FA26A02794CC4D00DD8EE4 /* DiscussionDDS.swift in Sources */ = {isa = PBXBuildFile; fileRef = 22FA269F2794CC4D00DD8EE4 /* DiscussionDDS.swift */; };
		22FA26A22795B6CD00DD8EE4 /* ReferenceSet.swift in Sources */ = {isa = PBXBuildFile; fileRef = 22FA26A12795B6CD00DD8EE4 /* ReferenceSet.swift */; };
		22FA26A52795B85400DD8EE4 /* Tweet+Identifiable.swift in Sources */ = {isa = PBXBuildFile; fileRef = 22FA26A42795B85400DD8EE4 /* Tweet+Identifiable.swift */; };
		22FA26A72795B91F00DD8EE4 /* Tweet Shorthand.swift in Sources */ = {isa = PBXBuildFile; fileRef = 22FA26A62795B91F00DD8EE4 /* Tweet Shorthand.swift */; };
		22FA26A92795B9BB00DD8EE4 /* Tweet.chronologicalSort.swift in Sources */ = {isa = PBXBuildFile; fileRef = 22FA26A82795B9BB00DD8EE4 /* Tweet.chronologicalSort.swift */; };
		22FA26AD2795BA9C00DD8EE4 /* LinkTweet.swift in Sources */ = {isa = PBXBuildFile; fileRef = 22FA26AC2795BA9C00DD8EE4 /* LinkTweet.swift */; };
		22FA26AF2795BAC500DD8EE4 /* UpdateDangling.swift in Sources */ = {isa = PBXBuildFile; fileRef = 22FA26AE2795BAC500DD8EE4 /* UpdateDangling.swift */; };
		22FA26B12795C61100DD8EE4 /* StoreFollowing.swift in Sources */ = {isa = PBXBuildFile; fileRef = 22FA26B02795C61100DD8EE4 /* StoreFollowing.swift */; };
		22FA26B32795C70F00DD8EE4 /* UpdateRelevance.swift in Sources */ = {isa = PBXBuildFile; fileRef = 22FA26B22795C70F00DD8EE4 /* UpdateRelevance.swift */; };
		22FA26B52795C77A00DD8EE4 /* Realm.TransactionToken.swift in Sources */ = {isa = PBXBuildFile; fileRef = 22FA26B42795C77A00DD8EE4 /* Realm.TransactionToken.swift */; };
		22FA26B72795D1FB00DD8EE4 /* LinkConversations.swift in Sources */ = {isa = PBXBuildFile; fileRef = 22FA26B62795D1FB00DD8EE4 /* LinkConversations.swift */; };
		22FBAAD027AECF6D00FEEB71 /* MediaFetcher.swift in Sources */ = {isa = PBXBuildFile; fileRef = 22FBAACF27AECF6D00FEEB71 /* MediaFetcher.swift */; };
		22FBAAD227AEF85700FEEB71 /* Video.swift in Sources */ = {isa = PBXBuildFile; fileRef = 22FBAAD127AEF85700FEEB71 /* Video.swift */; };
		22FBAAD427AF1EC800FEEB71 /* Tweet.addVideo.swift in Sources */ = {isa = PBXBuildFile; fileRef = 22FBAAD327AF1EC800FEEB71 /* Tweet.addVideo.swift */; };
		22FBAAD627B07C6000FEEB71 /* GIFViewController.swift in Sources */ = {isa = PBXBuildFile; fileRef = 22FBAAD527B07C6000FEEB71 /* GIFViewController.swift */; };
		22FBAAD827B07E0200FEEB71 /* SymbolCircleView.swift in Sources */ = {isa = PBXBuildFile; fileRef = 22FBAAD727B07E0200FEEB71 /* SymbolCircleView.swift */; };
		22FBAADA27B07EA700FEEB71 /* MediaModel.swift in Sources */ = {isa = PBXBuildFile; fileRef = 22FBAAD927B07EA600FEEB71 /* MediaModel.swift */; };
		22FBAADC27B17A4A00FEEB71 /* GIFProgressBarView.swift in Sources */ = {isa = PBXBuildFile; fileRef = 22FBAADB27B17A4A00FEEB71 /* GIFProgressBarView.swift */; };
		22FD36B1274B454700CFB84C /* ReadIndicatorView.swift in Sources */ = {isa = PBXBuildFile; fileRef = 22FD36B0274B454700CFB84C /* ReadIndicatorView.swift */; };
		E2EFA0C3A76898F176E93D8E /* Pods_Hyperthread.framework in Frameworks */ = {isa = PBXBuildFile; fileRef = D94AC60E07E38E82221BD40E /* Pods_Hyperthread.framework */; };
/* End PBXBuildFile section */

/* Begin PBXContainerItemProxy section */
		223BBF3E27377BE600375530 /* PBXContainerItemProxy */ = {
			isa = PBXContainerItemProxy;
			containerPortal = 223BBF1F27377BE500375530 /* Project object */;
			proxyType = 1;
			remoteGlobalIDString = 223BBF2627377BE500375530;
			remoteInfo = UIBranch;
		};
		223BBF4827377BE600375530 /* PBXContainerItemProxy */ = {
			isa = PBXContainerItemProxy;
			containerPortal = 223BBF1F27377BE500375530 /* Project object */;
			proxyType = 1;
			remoteGlobalIDString = 223BBF2627377BE500375530;
			remoteInfo = UIBranch;
		};
/* End PBXContainerItemProxy section */

/* Begin PBXFileReference section */
		220101D327545B94005C1385 /* ViewControllerDeque.swift */ = {isa = PBXFileReference; lastKnownFileType = sourcecode.swift; path = ViewControllerDeque.swift; sourceTree = "<group>"; };
		220C57FA2787E16400BDB381 /* ReloadTests.xcappdata */ = {isa = PBXFileReference; lastKnownFileType = wrapper; path = ReloadTests.xcappdata; sourceTree = "<group>"; };
		22144E1A27B83B79002AAFB6 /* CardTeaserCell.style.swift */ = {isa = PBXFileReference; lastKnownFileType = sourcecode.swift; path = CardTeaserCell.style.swift; sourceTree = "<group>"; };
		22144E1C27B9B21F002AAFB6 /* UIImage.fill.swift */ = {isa = PBXFileReference; lastKnownFileType = sourcecode.swift; path = UIImage.fill.swift; sourceTree = "<group>"; };
		22193DA1278280CD005A7708 /* URLError.swift */ = {isa = PBXFileReference; lastKnownFileType = sourcecode.swift; path = URLError.swift; sourceTree = "<group>"; };
		22193DA327829C5E005A7708 /* ProfileImageView.swift */ = {isa = PBXFileReference; lastKnownFileType = sourcecode.swift; path = ProfileImageView.swift; sourceTree = "<group>"; };
		22193DA92783DD5E005A7708 /* FollowingCache.swift */ = {isa = PBXFileReference; lastKnownFileType = sourcecode.swift; path = FollowingCache.swift; sourceTree = "<group>"; };
		22193DAB2783E158005A7708 /* UserTimelineFetch.swift */ = {isa = PBXFileReference; lastKnownFileType = sourcecode.swift; path = UserTimelineFetch.swift; sourceTree = "<group>"; };
		22193DAE27840477005A7708 /* URLScheme.swift */ = {isa = PBXFileReference; lastKnownFileType = sourcecode.swift; path = URLScheme.swift; sourceTree = "<group>"; };
		22193DB02784050F005A7708 /* TweetViewDelegate.swift */ = {isa = PBXFileReference; lastKnownFileType = sourcecode.swift; path = TweetViewDelegate.swift; sourceTree = "<group>"; };
		22193DB227840923005A7708 /* UserModalViewController.swift */ = {isa = PBXFileReference; lastKnownFileType = sourcecode.swift; path = UserModalViewController.swift; sourceTree = "<group>"; };
		22193DB427859D2B005A7708 /* RealmError.swift */ = {isa = PBXFileReference; lastKnownFileType = sourcecode.swift; path = RealmError.swift; sourceTree = "<group>"; };
		22193DB62785A878005A7708 /* OnFollow.swift */ = {isa = PBXFileReference; lastKnownFileType = sourcecode.swift; path = OnFollow.swift; sourceTree = "<group>"; };
		22193DB92785C20B005A7708 /* OnUnfollow.swift */ = {isa = PBXFileReference; lastKnownFileType = sourcecode.swift; path = OnUnfollow.swift; sourceTree = "<group>"; };
		221A296F275D533D00C283FE /* ControlledCell.swift */ = {isa = PBXFileReference; lastKnownFileType = sourcecode.swift; path = ControlledCell.swift; sourceTree = "<group>"; };
		221A2991275D680900C283FE /* AlbumController.swift */ = {isa = PBXFileReference; lastKnownFileType = sourcecode.swift; path = AlbumController.swift; sourceTree = "<group>"; };
		221A2993275D943E00C283FE /* RemoveDuplicates.swift */ = {isa = PBXFileReference; lastKnownFileType = sourcecode.swift; path = RemoveDuplicates.swift; sourceTree = "<group>"; };
		222161F12741A8EA00220F0C /* CardHeaderCell.swift */ = {isa = PBXFileReference; lastKnownFileType = sourcecode.swift; path = CardHeaderCell.swift; sourceTree = "<group>"; };
		222161F32741C2F400220F0C /* AssetColors.swift */ = {isa = PBXFileReference; lastKnownFileType = sourcecode.swift; path = AssetColors.swift; sourceTree = "<group>"; };
		2232DD2B2796F1E900936846 /* TableTopBar.swift */ = {isa = PBXFileReference; lastKnownFileType = sourcecode.swift; path = TableTopBar.swift; sourceTree = "<group>"; };
		2232DD2D2796F75000936846 /* MainTableWrapper.swift */ = {isa = PBXFileReference; lastKnownFileType = sourcecode.swift; path = MainTableWrapper.swift; sourceTree = "<group>"; };
		22331BB827A5CC97003FDD5F /* CanonicalString.swift */ = {isa = PBXFileReference; fileEncoding = 4; lastKnownFileType = sourcecode.swift; path = CanonicalString.swift; sourceTree = "<group>"; };
		223BBF2727377BE500375530 /* Hyperthread.app */ = {isa = PBXFileReference; explicitFileType = wrapper.application; includeInIndex = 0; path = Hyperthread.app; sourceTree = BUILT_PRODUCTS_DIR; };
		223BBF2A27377BE500375530 /* AppDelegate.swift */ = {isa = PBXFileReference; lastKnownFileType = sourcecode.swift; path = AppDelegate.swift; sourceTree = "<group>"; };
		223BBF2C27377BE500375530 /* SceneDelegate.swift */ = {isa = PBXFileReference; lastKnownFileType = sourcecode.swift; path = SceneDelegate.swift; sourceTree = "<group>"; };
		223BBF2E27377BE500375530 /* ViewController.swift */ = {isa = PBXFileReference; lastKnownFileType = sourcecode.swift; path = ViewController.swift; sourceTree = "<group>"; };
		223BBF3127377BE500375530 /* Base */ = {isa = PBXFileReference; lastKnownFileType = file.storyboard; name = Base; path = Base.lproj/Main.storyboard; sourceTree = "<group>"; };
		223BBF3327377BE600375530 /* Assets.xcassets */ = {isa = PBXFileReference; lastKnownFileType = folder.assetcatalog; path = Assets.xcassets; sourceTree = "<group>"; };
		223BBF3627377BE600375530 /* Base */ = {isa = PBXFileReference; lastKnownFileType = file.storyboard; name = Base; path = Base.lproj/LaunchScreen.storyboard; sourceTree = "<group>"; };
		223BBF3827377BE600375530 /* Info.plist */ = {isa = PBXFileReference; lastKnownFileType = text.plist.xml; path = Info.plist; sourceTree = "<group>"; };
		223BBF3D27377BE600375530 /* HyperthreadTests.xctest */ = {isa = PBXFileReference; explicitFileType = wrapper.cfbundle; includeInIndex = 0; path = HyperthreadTests.xctest; sourceTree = BUILT_PRODUCTS_DIR; };
		223BBF4127377BE600375530 /* HyperthreadTests.swift */ = {isa = PBXFileReference; lastKnownFileType = sourcecode.swift; path = HyperthreadTests.swift; sourceTree = "<group>"; };
		223BBF4727377BE600375530 /* HyperthreadUITests.xctest */ = {isa = PBXFileReference; explicitFileType = wrapper.cfbundle; includeInIndex = 0; path = HyperthreadUITests.xctest; sourceTree = BUILT_PRODUCTS_DIR; };
		223BBF4B27377BE600375530 /* HyperthreadUITests.swift */ = {isa = PBXFileReference; lastKnownFileType = sourcecode.swift; path = HyperthreadUITests.swift; sourceTree = "<group>"; };
		223BBF4D27377BE600375530 /* HyperthreadUITestsLaunchTests.swift */ = {isa = PBXFileReference; lastKnownFileType = sourcecode.swift; path = HyperthreadUITestsLaunchTests.swift; sourceTree = "<group>"; };
		223BBF5B27377E3E00375530 /* Twig */ = {isa = PBXFileReference; lastKnownFileType = folder; name = Twig; path = ../Twig; sourceTree = "<group>"; };
		223BBF5F27377E8700375530 /* FetchAndStoreUsers.swift */ = {isa = PBXFileReference; fileEncoding = 4; lastKnownFileType = sourcecode.swift; path = FetchAndStoreUsers.swift; sourceTree = "<group>"; };
		223BBF6127377E8800375530 /* IngestTweet.swift */ = {isa = PBXFileReference; fileEncoding = 4; lastKnownFileType = sourcecode.swift; path = IngestTweet.swift; sourceTree = "<group>"; };
		223BBF6827377EC000375530 /* Conversation.swift */ = {isa = PBXFileReference; fileEncoding = 4; lastKnownFileType = sourcecode.swift; path = Conversation.swift; sourceTree = "<group>"; };
		223BBF6927377EC000375530 /* User.swift */ = {isa = PBXFileReference; fileEncoding = 4; lastKnownFileType = sourcecode.swift; path = User.swift; sourceTree = "<group>"; };
		223BBF6A27377EC000375530 /* Discussion.swift */ = {isa = PBXFileReference; fileEncoding = 4; lastKnownFileType = sourcecode.swift; path = Discussion.swift; sourceTree = "<group>"; };
		223BBF6B27377EC100375530 /* Tweet.swift */ = {isa = PBXFileReference; fileEncoding = 4; lastKnownFileType = sourcecode.swift; path = Tweet.swift; sourceTree = "<group>"; };
		223BBF6C27377EC300375530 /* Query.swift */ = {isa = PBXFileReference; fileEncoding = 4; lastKnownFileType = sourcecode.swift; path = Query.swift; sourceTree = "<group>"; };
		223BBF7327377EF100375530 /* Logger.swift */ = {isa = PBXFileReference; fileEncoding = 4; lastKnownFileType = sourcecode.swift; path = Logger.swift; sourceTree = "<group>"; };
		223BBF7727377F5100375530 /* Storage.swift */ = {isa = PBXFileReference; fileEncoding = 4; lastKnownFileType = sourcecode.swift; path = Storage.swift; sourceTree = "<group>"; };
		223BBF792737867800375530 /* AuthView.swift */ = {isa = PBXFileReference; fileEncoding = 4; lastKnownFileType = sourcecode.swift; path = AuthView.swift; sourceTree = "<group>"; };
		223BBF7B273791A100375530 /* PMViewController.swift */ = {isa = PBXFileReference; lastKnownFileType = sourcecode.swift; path = PMViewController.swift; sourceTree = "<group>"; };
		223BBF7D273846BE00375530 /* LoginState.swift */ = {isa = PBXFileReference; lastKnownFileType = sourcecode.swift; path = LoginState.swift; sourceTree = "<group>"; };
		223BBF81273847C300375530 /* Adopt.swift */ = {isa = PBXFileReference; lastKnownFileType = sourcecode.swift; path = Adopt.swift; sourceTree = "<group>"; };
		223BBF83273847E900375530 /* LoginViewController.swift */ = {isa = PBXFileReference; lastKnownFileType = sourcecode.swift; path = LoginViewController.swift; sourceTree = "<group>"; };
		223BBF852738572C00375530 /* MainTable.swift */ = {isa = PBXFileReference; lastKnownFileType = sourcecode.swift; path = MainTable.swift; sourceTree = "<group>"; };
		223BBF8927385AFA00375530 /* OptionalCompare.swift */ = {isa = PBXFileReference; lastKnownFileType = sourcecode.swift; path = OptionalCompare.swift; sourceTree = "<group>"; };
		223BBF8B27385B0F00375530 /* OptionalCast.swift */ = {isa = PBXFileReference; lastKnownFileType = sourcecode.swift; path = OptionalCast.swift; sourceTree = "<group>"; };
		2248FF4F2745BEA100C6DEF9 /* Entities.swift */ = {isa = PBXFileReference; lastKnownFileType = sourcecode.swift; path = Entities.swift; sourceTree = "<group>"; };
		2266D0C727616D6A0099477D /* ArrowRefreshControl.swift */ = {isa = PBXFileReference; lastKnownFileType = sourcecode.swift; path = ArrowRefreshControl.swift; sourceTree = "<group>"; };
		2266D0C927616FDA0099477D /* GetHeight.swift */ = {isa = PBXFileReference; lastKnownFileType = sourcecode.swift; path = GetHeight.swift; sourceTree = "<group>"; };
		2266D0CB276197E20099477D /* ShowAlert.swift */ = {isa = PBXFileReference; lastKnownFileType = sourcecode.swift; path = ShowAlert.swift; sourceTree = "<group>"; };
		22680A83276AA651008827F8 /* Sealed.swift */ = {isa = PBXFileReference; lastKnownFileType = sourcecode.swift; path = Sealed.swift; sourceTree = "<group>"; };
		22680A8F276B4159008827F8 /* PublicMetrics.swift */ = {isa = PBXFileReference; lastKnownFileType = sourcecode.swift; path = PublicMetrics.swift; sourceTree = "<group>"; };
		22680A91276B41B1008827F8 /* Relevance.swift */ = {isa = PBXFileReference; lastKnownFileType = sourcecode.swift; path = Relevance.swift; sourceTree = "<group>"; };
		226D2BB527E7F82100ACB0CA /* TopShadeView.swift */ = {isa = PBXFileReference; lastKnownFileType = sourcecode.swift; path = TopShadeView.swift; sourceTree = "<group>"; };
		226D2BB727E806C000ACB0CA /* BottomShadeView.swift */ = {isa = PBXFileReference; lastKnownFileType = sourcecode.swift; path = BottomShadeView.swift; sourceTree = "<group>"; };
		22760A40274A8B4200F28F0A /* TweetTextView.swift */ = {isa = PBXFileReference; lastKnownFileType = sourcecode.swift; path = TweetTextView.swift; sourceTree = "<group>"; };
		22760A42274A927A00F28F0A /* CardTeaserCell.swift */ = {isa = PBXFileReference; lastKnownFileType = sourcecode.swift; path = CardTeaserCell.swift; sourceTree = "<group>"; };
		22760A44274AA6ED00F28F0A /* CardBackground.swift */ = {isa = PBXFileReference; lastKnownFileType = sourcecode.swift; path = CardBackground.swift; sourceTree = "<group>"; };
		22760A46274ADEF500F28F0A /* MarkReadDaemon.swift */ = {isa = PBXFileReference; lastKnownFileType = sourcecode.swift; path = MarkReadDaemon.swift; sourceTree = "<group>"; };
		22760A48274ADFA900F28F0A /* ReadStatus.swift */ = {isa = PBXFileReference; lastKnownFileType = sourcecode.swift; path = ReadStatus.swift; sourceTree = "<group>"; };
		22760A4A274AE63000F28F0A /* SummaryLine.swift */ = {isa = PBXFileReference; lastKnownFileType = sourcecode.swift; path = SummaryLine.swift; sourceTree = "<group>"; };
		22760A4C274AF5A200F28F0A /* SpacedSeparator.swift */ = {isa = PBXFileReference; lastKnownFileType = sourcecode.swift; path = SpacedSeparator.swift; sourceTree = "<group>"; };
		22760A4E274B136200F28F0A /* Media.swift */ = {isa = PBXFileReference; lastKnownFileType = sourcecode.swift; path = Media.swift; sourceTree = "<group>"; };
		22817B9627E11D6800D34C71 /* AbsoluteFrame.swift */ = {isa = PBXFileReference; lastKnownFileType = sourcecode.swift; path = AbsoluteFrame.swift; sourceTree = "<group>"; };
		22817B9B27E2B70D00D34C71 /* VideoController.swift */ = {isa = PBXFileReference; lastKnownFileType = sourcecode.swift; path = VideoController.swift; sourceTree = "<group>"; };
		22817B9F27E3A0BC00D34C71 /* ZoomableImageView.swift */ = {isa = PBXFileReference; lastKnownFileType = sourcecode.swift; path = ZoomableImageView.swift; sourceTree = "<group>"; };
		22817BA127E3DB2700D34C71 /* ImageZoom.md */ = {isa = PBXFileReference; lastKnownFileType = net.daringfireball.markdown; path = ImageZoom.md; sourceTree = "<group>"; };
		22817BA227E4057200D34C71 /* GalleryViewController.swift */ = {isa = PBXFileReference; lastKnownFileType = sourcecode.swift; path = GalleryViewController.swift; sourceTree = "<group>"; };
		22817BA427E51B8F00D34C71 /* GeometryTargetProvider.swift */ = {isa = PBXFileReference; lastKnownFileType = sourcecode.swift; path = GeometryTargetProvider.swift; sourceTree = "<group>"; };
		22817BA627E51BF900D34C71 /* ModalPageViewCell.swift */ = {isa = PBXFileReference; lastKnownFileType = sourcecode.swift; path = ModalPageViewCell.swift; sourceTree = "<group>"; };
		22817BA827E520AC00D34C71 /* ModalPageView.swift */ = {isa = PBXFileReference; lastKnownFileType = sourcecode.swift; path = ModalPageView.swift; sourceTree = "<group>"; };
		22817BAA27E5210700D34C71 /* ModalPageLayout.swift */ = {isa = PBXFileReference; lastKnownFileType = sourcecode.swift; path = ModalPageLayout.swift; sourceTree = "<group>"; };
		22817BAE27E5486800D34C71 /* GalleryTransition.swift */ = {isa = PBXFileReference; lastKnownFileType = sourcecode.swift; path = GalleryTransition.swift; sourceTree = "<group>"; };
		22817BB027E5493A00D34C71 /* ModalPageViewController.swift */ = {isa = PBXFileReference; lastKnownFileType = sourcecode.swift; path = ModalPageViewController.swift; sourceTree = "<group>"; };
		22817BB227E5496300D34C71 /* ModalAlbumDataSource.swift */ = {isa = PBXFileReference; lastKnownFileType = sourcecode.swift; path = ModalAlbumDataSource.swift; sourceTree = "<group>"; };
		22817BB427E5498400D34C71 /* GalleryView.swift */ = {isa = PBXFileReference; lastKnownFileType = sourcecode.swift; path = GalleryView.swift; sourceTree = "<group>"; };
		228A097927EB9F47003714A0 /* ShadeCloseButton.swift */ = {isa = PBXFileReference; lastKnownFileType = sourcecode.swift; path = ShadeCloseButton.swift; sourceTree = "<group>"; };
		228A097B27EB9FCD003714A0 /* LiveTextButton.swift */ = {isa = PBXFileReference; lastKnownFileType = sourcecode.swift; path = LiveTextButton.swift; sourceTree = "<group>"; };
		228A097D27EBA906003714A0 /* Live Text Notes.md */ = {isa = PBXFileReference; lastKnownFileType = net.daringfireball.markdown; path = "Live Text Notes.md"; sourceTree = "<group>"; };
		228D71E6277A953500E306BD /* DateWindow.swift */ = {isa = PBXFileReference; lastKnownFileType = sourcecode.swift; path = DateWindow.swift; sourceTree = "<group>"; };
		228D71E8277AC06100E306BD /* TimeInterval.swift */ = {isa = PBXFileReference; lastKnownFileType = sourcecode.swift; path = TimeInterval.swift; sourceTree = "<group>"; };
		228D71EA277C1BD400E306BD /* FollowingLine.swift */ = {isa = PBXFileReference; lastKnownFileType = sourcecode.swift; path = FollowingLine.swift; sourceTree = "<group>"; };
		228D71EC277C1D2300E306BD /* CellEvent.swift */ = {isa = PBXFileReference; lastKnownFileType = sourcecode.swift; path = CellEvent.swift; sourceTree = "<group>"; };
		228D71EF2780128300E306BD /* RealmDateWindow.swift */ = {isa = PBXFileReference; lastKnownFileType = sourcecode.swift; path = RealmDateWindow.swift; sourceTree = "<group>"; };
		228D71F12780142200E306BD /* UserTimelineWindow.swift */ = {isa = PBXFileReference; lastKnownFileType = sourcecode.swift; path = UserTimelineWindow.swift; sourceTree = "<group>"; };
		22A760BA27A5E1680006E9BC /* Changelog.md */ = {isa = PBXFileReference; lastKnownFileType = net.daringfireball.markdown; path = Changelog.md; sourceTree = "<group>"; };
		22A760BC27A5EF990006E9BC /* MakeRealm.swift */ = {isa = PBXFileReference; lastKnownFileType = sourcecode.swift; path = MakeRealm.swift; sourceTree = "<group>"; };
		22A760BE27A5F38E0006E9BC /* QuoteView.swift */ = {isa = PBXFileReference; lastKnownFileType = sourcecode.swift; path = QuoteView.swift; sourceTree = "<group>"; };
		22A760C227A626640006E9BC /* LoadDiscussion.swift */ = {isa = PBXFileReference; lastKnownFileType = sourcecode.swift; path = LoadDiscussion.swift; sourceTree = "<group>"; };
		22A760C427A750390006E9BC /* CountButton.swift */ = {isa = PBXFileReference; lastKnownFileType = sourcecode.swift; path = CountButton.swift; sourceTree = "<group>"; };
		22A760C827A866610006E9BC /* DiscussionTableWrapper.swift */ = {isa = PBXFileReference; lastKnownFileType = sourcecode.swift; path = DiscussionTableWrapper.swift; sourceTree = "<group>"; };
		22A760CC27A883100006E9BC /* DiscussionLoader.swift */ = {isa = PBXFileReference; lastKnownFileType = sourcecode.swift; path = DiscussionLoader.swift; sourceTree = "<group>"; };
		22A760CE27A8C8970006E9BC /* UIEdgeInsets.+.swift */ = {isa = PBXFileReference; lastKnownFileType = sourcecode.swift; name = "UIEdgeInsets.+.swift"; path = "Models/UIEdgeInsets.+.swift"; sourceTree = SOURCE_ROOT; };
		22A9E9042772A86700C4EE99 /* TimestampButton.swift */ = {isa = PBXFileReference; lastKnownFileType = sourcecode.swift; path = TimestampButton.swift; sourceTree = "<group>"; };
		22BC9E8E27A5C95100721BD2 /* DiscussionTree.swift */ = {isa = PBXFileReference; fileEncoding = 4; lastKnownFileType = sourcecode.swift; path = DiscussionTree.swift; sourceTree = "<group>"; };
		22BC9E9027A5C97800721BD2 /* ColorMarkerView.swift */ = {isa = PBXFileReference; fileEncoding = 4; lastKnownFileType = sourcecode.swift; path = ColorMarkerView.swift; sourceTree = "<group>"; };
		22BC9E9227A5C9A000721BD2 /* ImageViewController.swift */ = {isa = PBXFileReference; fileEncoding = 4; lastKnownFileType = sourcecode.swift; path = ImageViewController.swift; sourceTree = "<group>"; };
		22BE9C0C27606A280080E475 /* Supertall.swift */ = {isa = PBXFileReference; lastKnownFileType = sourcecode.swift; path = Supertall.swift; sourceTree = "<group>"; };
		22BFD7A42774620600E46DF1 /* HomeTimelineHelper.swift */ = {isa = PBXFileReference; lastKnownFileType = sourcecode.swift; path = HomeTimelineHelper.swift; sourceTree = "<group>"; };
		22BFD7A62775882000E46DF1 /* Collection<Enum>.max.swift */ = {isa = PBXFileReference; lastKnownFileType = sourcecode.swift; path = "Collection<Enum>.max.swift"; sourceTree = "<group>"; };
		22BFD7A82775883F00E46DF1 /* Collection.isNotEmpty.swift */ = {isa = PBXFileReference; lastKnownFileType = sourcecode.swift; path = Collection.isNotEmpty.swift; sourceTree = "<group>"; };
		22D127DB27404F4200932614 /* DiscussionTable.swift */ = {isa = PBXFileReference; lastKnownFileType = sourcecode.swift; path = DiscussionTable.swift; sourceTree = "<group>"; };
		22D127DD2740651C00932614 /* TweetCell.swift */ = {isa = PBXFileReference; lastKnownFileType = sourcecode.swift; path = TweetCell.swift; sourceTree = "<group>"; };
		22D127E02740655900932614 /* IconView.swift */ = {isa = PBXFileReference; lastKnownFileType = sourcecode.swift; path = IconView.swift; sourceTree = "<group>"; };
		22D127E42740659E00932614 /* RetweetView.swift */ = {isa = PBXFileReference; lastKnownFileType = sourcecode.swift; path = RetweetView.swift; sourceTree = "<group>"; };
		22D127E6274065E900932614 /* UserView.swift */ = {isa = PBXFileReference; lastKnownFileType = sourcecode.swift; path = UserView.swift; sourceTree = "<group>"; };
		22D127E927406F9700932614 /* RetweetSymbol.swift */ = {isa = PBXFileReference; lastKnownFileType = sourcecode.swift; path = RetweetSymbol.swift; sourceTree = "<group>"; };
		22D127EB274070CD00932614 /* MetricButtons.swift */ = {isa = PBXFileReference; lastKnownFileType = sourcecode.swift; path = MetricButtons.swift; sourceTree = "<group>"; };
		22D127ED2740713500932614 /* TimeDifference.swift */ = {isa = PBXFileReference; lastKnownFileType = sourcecode.swift; path = TimeDifference.swift; sourceTree = "<group>"; };
		22D257262787E402005FC3D8 /* LoadAppData.swift */ = {isa = PBXFileReference; lastKnownFileType = sourcecode.swift; path = LoadAppData.swift; sourceTree = "<group>"; };
		22D2572D27883A56005FC3D8 /* ScrollPosition.swift */ = {isa = PBXFileReference; lastKnownFileType = sourcecode.swift; path = ScrollPosition.swift; sourceTree = "<group>"; };
		22D2573027883F75005FC3D8 /* ReferenceCrawler.swift */ = {isa = PBXFileReference; lastKnownFileType = sourcecode.swift; path = ReferenceCrawler.swift; sourceTree = "<group>"; };
		22D2573527885720005FC3D8 /* AsyncHomeTimeline.swift */ = {isa = PBXFileReference; lastKnownFileType = sourcecode.swift; path = AsyncHomeTimeline.swift; sourceTree = "<group>"; };
		22DBDC5227EA1EFF005D0595 /* VisionTextResult.swift */ = {isa = PBXFileReference; lastKnownFileType = sourcecode.swift; path = VisionTextResult.swift; sourceTree = "<group>"; };
		22EE928C2799C5BB003C9056 /* UserMessage.swift */ = {isa = PBXFileReference; lastKnownFileType = sourcecode.swift; path = UserMessage.swift; sourceTree = "<group>"; };
		22F2463B274CA40100AE17AD /* BlackBox */ = {isa = PBXFileReference; lastKnownFileType = folder; name = BlackBox; path = ../BlackBox; sourceTree = "<group>"; };
		22F2463E274D6A9E00AE17AD /* NSLayoutConstraint.replace.swift */ = {isa = PBXFileReference; lastKnownFileType = sourcecode.swift; path = NSLayoutConstraint.replace.swift; sourceTree = "<group>"; };
		22FA26992794846F00DD8EE4 /* FirstFetch.swift */ = {isa = PBXFileReference; lastKnownFileType = sourcecode.swift; path = FirstFetch.swift; sourceTree = "<group>"; };
		22FA269D2794B88400DD8EE4 /* Truncated.swift */ = {isa = PBXFileReference; lastKnownFileType = sourcecode.swift; path = Truncated.swift; sourceTree = "<group>"; };
		22FA269F2794CC4D00DD8EE4 /* DiscussionDDS.swift */ = {isa = PBXFileReference; lastKnownFileType = sourcecode.swift; path = DiscussionDDS.swift; sourceTree = "<group>"; };
		22FA26A12795B6CD00DD8EE4 /* ReferenceSet.swift */ = {isa = PBXFileReference; lastKnownFileType = sourcecode.swift; path = ReferenceSet.swift; sourceTree = "<group>"; };
		22FA26A42795B85400DD8EE4 /* Tweet+Identifiable.swift */ = {isa = PBXFileReference; lastKnownFileType = sourcecode.swift; path = "Tweet+Identifiable.swift"; sourceTree = "<group>"; };
		22FA26A62795B91F00DD8EE4 /* Tweet Shorthand.swift */ = {isa = PBXFileReference; lastKnownFileType = sourcecode.swift; path = "Tweet Shorthand.swift"; sourceTree = "<group>"; };
		22FA26A82795B9BB00DD8EE4 /* Tweet.chronologicalSort.swift */ = {isa = PBXFileReference; lastKnownFileType = sourcecode.swift; path = Tweet.chronologicalSort.swift; sourceTree = "<group>"; };
		22FA26AB2795BA4000DD8EE4 /* README.md */ = {isa = PBXFileReference; lastKnownFileType = net.daringfireball.markdown; path = README.md; sourceTree = "<group>"; };
		22FA26AC2795BA9C00DD8EE4 /* LinkTweet.swift */ = {isa = PBXFileReference; lastKnownFileType = sourcecode.swift; path = LinkTweet.swift; sourceTree = "<group>"; };
		22FA26AE2795BAC500DD8EE4 /* UpdateDangling.swift */ = {isa = PBXFileReference; lastKnownFileType = sourcecode.swift; path = UpdateDangling.swift; sourceTree = "<group>"; };
		22FA26B02795C61100DD8EE4 /* StoreFollowing.swift */ = {isa = PBXFileReference; lastKnownFileType = sourcecode.swift; path = StoreFollowing.swift; sourceTree = "<group>"; };
		22FA26B22795C70F00DD8EE4 /* UpdateRelevance.swift */ = {isa = PBXFileReference; lastKnownFileType = sourcecode.swift; path = UpdateRelevance.swift; sourceTree = "<group>"; };
		22FA26B42795C77A00DD8EE4 /* Realm.TransactionToken.swift */ = {isa = PBXFileReference; lastKnownFileType = sourcecode.swift; path = Realm.TransactionToken.swift; sourceTree = "<group>"; };
		22FA26B62795D1FB00DD8EE4 /* LinkConversations.swift */ = {isa = PBXFileReference; lastKnownFileType = sourcecode.swift; path = LinkConversations.swift; sourceTree = "<group>"; };
		22FBAACF27AECF6D00FEEB71 /* MediaFetcher.swift */ = {isa = PBXFileReference; lastKnownFileType = sourcecode.swift; path = MediaFetcher.swift; sourceTree = "<group>"; };
		22FBAAD127AEF85700FEEB71 /* Video.swift */ = {isa = PBXFileReference; lastKnownFileType = sourcecode.swift; path = Video.swift; sourceTree = "<group>"; };
		22FBAAD327AF1EC800FEEB71 /* Tweet.addVideo.swift */ = {isa = PBXFileReference; lastKnownFileType = sourcecode.swift; path = Tweet.addVideo.swift; sourceTree = "<group>"; };
		22FBAAD527B07C6000FEEB71 /* GIFViewController.swift */ = {isa = PBXFileReference; lastKnownFileType = sourcecode.swift; path = GIFViewController.swift; sourceTree = "<group>"; };
		22FBAAD727B07E0200FEEB71 /* SymbolCircleView.swift */ = {isa = PBXFileReference; lastKnownFileType = sourcecode.swift; path = SymbolCircleView.swift; sourceTree = "<group>"; };
		22FBAAD927B07EA600FEEB71 /* MediaModel.swift */ = {isa = PBXFileReference; lastKnownFileType = sourcecode.swift; name = MediaModel.swift; path = /Users/SAM/Documents/Hyperthread/Hyperthread/CardCell/Album/MediaModel.swift; sourceTree = "<absolute>"; };
		22FBAADB27B17A4A00FEEB71 /* GIFProgressBarView.swift */ = {isa = PBXFileReference; lastKnownFileType = sourcecode.swift; path = GIFProgressBarView.swift; sourceTree = "<group>"; };
		22FD36B0274B454700CFB84C /* ReadIndicatorView.swift */ = {isa = PBXFileReference; lastKnownFileType = sourcecode.swift; path = ReadIndicatorView.swift; sourceTree = "<group>"; };
		338DA1FE21856F63227552BA /* Pods-UIBranch.debug.xcconfig */ = {isa = PBXFileReference; includeInIndex = 1; lastKnownFileType = text.xcconfig; name = "Pods-UIBranch.debug.xcconfig"; path = "Target Support Files/Pods-UIBranch/Pods-UIBranch.debug.xcconfig"; sourceTree = "<group>"; };
		6AA1567DBF1B99964040D14F /* Pods-UIBranch.release.xcconfig */ = {isa = PBXFileReference; includeInIndex = 1; lastKnownFileType = text.xcconfig; name = "Pods-UIBranch.release.xcconfig"; path = "Target Support Files/Pods-UIBranch/Pods-UIBranch.release.xcconfig"; sourceTree = "<group>"; };
		9E89678A72C118E2BE4233E6 /* Pods-Hyperthread.debug.xcconfig */ = {isa = PBXFileReference; includeInIndex = 1; lastKnownFileType = text.xcconfig; name = "Pods-Hyperthread.debug.xcconfig"; path = "Target Support Files/Pods-Hyperthread/Pods-Hyperthread.debug.xcconfig"; sourceTree = "<group>"; };
		BBEAEA172C30F2ACE839009B /* Pods-Hyperthread.release.xcconfig */ = {isa = PBXFileReference; includeInIndex = 1; lastKnownFileType = text.xcconfig; name = "Pods-Hyperthread.release.xcconfig"; path = "Target Support Files/Pods-Hyperthread/Pods-Hyperthread.release.xcconfig"; sourceTree = "<group>"; };
		D94AC60E07E38E82221BD40E /* Pods_Hyperthread.framework */ = {isa = PBXFileReference; explicitFileType = wrapper.framework; includeInIndex = 0; path = Pods_Hyperthread.framework; sourceTree = BUILT_PRODUCTS_DIR; };
/* End PBXFileReference section */

/* Begin PBXFrameworksBuildPhase section */
		223BBF2427377BE500375530 /* Frameworks */ = {
			isa = PBXFrameworksBuildPhase;
			buildActionMask = 2147483647;
			files = (
				22F2463D274CA41800AE17AD /* BlackBox in Frameworks */,
				221A296D275D36B700C283FE /* SDWebImage in Frameworks */,
				223BBF5D27377E4600375530 /* Twig in Frameworks */,
				22D257342788459D005FC3D8 /* Algorithms in Frameworks */,
				E2EFA0C3A76898F176E93D8E /* Pods_Hyperthread.framework in Frameworks */,
			);
			runOnlyForDeploymentPostprocessing = 0;
		};
		223BBF3A27377BE600375530 /* Frameworks */ = {
			isa = PBXFrameworksBuildPhase;
			buildActionMask = 2147483647;
			files = (
			);
			runOnlyForDeploymentPostprocessing = 0;
		};
		223BBF4427377BE600375530 /* Frameworks */ = {
			isa = PBXFrameworksBuildPhase;
			buildActionMask = 2147483647;
			files = (
			);
			runOnlyForDeploymentPostprocessing = 0;
		};
/* End PBXFrameworksBuildPhase section */

/* Begin PBXGroup section */
		220C57F92787E14500BDB381 /* AppData */ = {
			isa = PBXGroup;
			children = (
				220C57FA2787E16400BDB381 /* ReloadTests.xcappdata */,
				22D257262787E402005FC3D8 /* LoadAppData.swift */,
			);
			path = AppData;
			sourceTree = "<group>";
		};
		22193DAD27840466005A7708 /* UserModal */ = {
			isa = PBXGroup;
			children = (
				22193DAE27840477005A7708 /* URLScheme.swift */,
				22193DB02784050F005A7708 /* TweetViewDelegate.swift */,
				22193DB227840923005A7708 /* UserModalViewController.swift */,
				228D71EA277C1BD400E306BD /* FollowingLine.swift */,
			);
			path = UserModal;
			sourceTree = "<group>";
		};
		222161F02741A8D300220F0C /* CardCell */ = {
			isa = PBXGroup;
			children = (
				222161F12741A8EA00220F0C /* CardHeaderCell.swift */,
				220101D327545B94005C1385 /* ViewControllerDeque.swift */,
				22760A42274A927A00F28F0A /* CardTeaserCell.swift */,
				22144E1A27B83B79002AAFB6 /* CardTeaserCell.style.swift */,
				224F88D1275E5B8600085678 /* Album */,
				22760A4A274AE63000F28F0A /* SummaryLine.swift */,
				22760A44274AA6ED00F28F0A /* CardBackground.swift */,
				22FD36B0274B454700CFB84C /* ReadIndicatorView.swift */,
				22760A40274A8B4200F28F0A /* TweetTextView.swift */,
			);
			path = CardCell;
			sourceTree = "<group>";
		};
		223BBF1E27377BE500375530 = {
			isa = PBXGroup;
			children = (
				22A760BA27A5E1680006E9BC /* Changelog.md */,
				220C57F92787E14500BDB381 /* AppData */,
				223BBF7F2738476B00375530 /* Misc */,
				223BBF7227377EE500375530 /* Logging */,
				22A760BB27A5EF8B0006E9BC /* Migrations */,
				223BBF6727377EAD00375530 /* Models */,
				22FA26AA2795BA2C00DD8EE4 /* Engine */,
				223BBF2927377BE500375530 /* Hyperthread */,
				223BBF5E27377E6E00375530 /* Airport */,
				223BBF4027377BE600375530 /* HyperthreadTests */,
				223BBF4A27377BE600375530 /* HyperthreadUITests */,
				223BBF2827377BE500375530 /* Products */,
				E44226554E1314DFD9BA4529 /* Pods */,
				223BBF5A27377E3E00375530 /* Packages */,
				B0EEE3B548932ECDAC7403EE /* Frameworks */,
			);
			sourceTree = "<group>";
		};
		223BBF2827377BE500375530 /* Products */ = {
			isa = PBXGroup;
			children = (
				223BBF2727377BE500375530 /* Hyperthread.app */,
				223BBF3D27377BE600375530 /* HyperthreadTests.xctest */,
				223BBF4727377BE600375530 /* HyperthreadUITests.xctest */,
			);
			name = Products;
			sourceTree = "<group>";
		};
		223BBF2927377BE500375530 /* Hyperthread */ = {
			isa = PBXGroup;
			children = (
				223BBF2A27377BE500375530 /* AppDelegate.swift */,
				223BBF2C27377BE500375530 /* SceneDelegate.swift */,
				223BBF2E27377BE500375530 /* ViewController.swift */,
				223BBF852738572C00375530 /* MainTable.swift */,
				2232DD2B2796F1E900936846 /* TableTopBar.swift */,
				22EE928C2799C5BB003C9056 /* UserMessage.swift */,
				2232DD2D2796F75000936846 /* MainTableWrapper.swift */,
				22FA269F2794CC4D00DD8EE4 /* DiscussionDDS.swift */,
				22FA26992794846F00DD8EE4 /* FirstFetch.swift */,
				2266D0C727616D6A0099477D /* ArrowRefreshControl.swift */,
				22BC9E8E27A5C95100721BD2 /* DiscussionTree.swift */,
				22760A46274ADEF500F28F0A /* MarkReadDaemon.swift */,
				22193DAD27840466005A7708 /* UserModal */,
				222161F02741A8D300220F0C /* CardCell */,
				22817BAC27E5475A00D34C71 /* Modal Gallery */,
				22D127DF2740653900932614 /* TweetCell */,
				22D127DB27404F4200932614 /* DiscussionTable.swift */,
				22A760C827A866610006E9BC /* DiscussionTableWrapper.swift */,
				22A760CC27A883100006E9BC /* DiscussionLoader.swift */,
				223BBF7D273846BE00375530 /* LoginState.swift */,
				223BBF792737867800375530 /* AuthView.swift */,
				223BBF83273847E900375530 /* LoginViewController.swift */,
				22D2572C27883A35005FC3D8 /* UserDefaults */,
				222161F32741C2F400220F0C /* AssetColors.swift */,
				223BBF3027377BE500375530 /* Main.storyboard */,
				223BBF3327377BE600375530 /* Assets.xcassets */,
				223BBF3527377BE600375530 /* LaunchScreen.storyboard */,
				223BBF3827377BE600375530 /* Info.plist */,
			);
			path = Hyperthread;
			sourceTree = "<group>";
		};
		223BBF4027377BE600375530 /* HyperthreadTests */ = {
			isa = PBXGroup;
			children = (
				223BBF4127377BE600375530 /* HyperthreadTests.swift */,
			);
			path = HyperthreadTests;
			sourceTree = "<group>";
		};
		223BBF4A27377BE600375530 /* HyperthreadUITests */ = {
			isa = PBXGroup;
			children = (
				223BBF4B27377BE600375530 /* HyperthreadUITests.swift */,
				223BBF4D27377BE600375530 /* HyperthreadUITestsLaunchTests.swift */,
			);
			path = HyperthreadUITests;
			sourceTree = "<group>";
		};
		223BBF5A27377E3E00375530 /* Packages */ = {
			isa = PBXGroup;
			children = (
				223BBF5B27377E3E00375530 /* Twig */,
				22F2463B274CA40100AE17AD /* BlackBox */,
			);
			name = Packages;
			sourceTree = "<group>";
		};
		223BBF5E27377E6E00375530 /* Airport */ = {
			isa = PBXGroup;
			children = (
				223BBF5F27377E8700375530 /* FetchAndStoreUsers.swift */,
				22193DA92783DD5E005A7708 /* FollowingCache.swift */,
				22680A83276AA651008827F8 /* Sealed.swift */,
				22A760C227A626640006E9BC /* LoadDiscussion.swift */,
				22193DAB2783E158005A7708 /* UserTimelineFetch.swift */,
				22D2573027883F75005FC3D8 /* ReferenceCrawler.swift */,
				22D2573527885720005FC3D8 /* AsyncHomeTimeline.swift */,
				22BFD7A42774620600E46DF1 /* HomeTimelineHelper.swift */,
				22FBAACF27AECF6D00FEEB71 /* MediaFetcher.swift */,
				228D71EE2780127400E306BD /* DateWindow */,
			);
			path = Airport;
			sourceTree = "<group>";
		};
		223BBF6727377EAD00375530 /* Models */ = {
			isa = PBXGroup;
			children = (
				22FA26A32795B83F00DD8EE4 /* Tweet */,
				22FA26A12795B6CD00DD8EE4 /* ReferenceSet.swift */,
				223BBF6827377EC000375530 /* Conversation.swift */,
				223BBF6A27377EC000375530 /* Discussion.swift */,
				223BBF6927377EC000375530 /* User.swift */,
				22760A48274ADFA900F28F0A /* ReadStatus.swift */,
				223BBF6C27377EC300375530 /* Query.swift */,
				22680A91276B41B1008827F8 /* Relevance.swift */,
				22680A8F276B4159008827F8 /* PublicMetrics.swift */,
				22331BB827A5CC97003FDD5F /* CanonicalString.swift */,
				22760A4E274B136200F28F0A /* Media.swift */,
				22FBAAD127AEF85700FEEB71 /* Video.swift */,
				2248FF4F2745BEA100C6DEF9 /* Entities.swift */,
				223BBF6127377E8800375530 /* IngestTweet.swift */,
				22193DB427859D2B005A7708 /* RealmError.swift */,
			);
			path = Models;
			sourceTree = "<group>";
		};
		223BBF7227377EE500375530 /* Logging */ = {
			isa = PBXGroup;
			children = (
				223BBF7327377EF100375530 /* Logger.swift */,
			);
			path = Logging;
			sourceTree = "<group>";
		};
		223BBF7F2738476B00375530 /* Misc */ = {
			isa = PBXGroup;
			children = (
				223BBF7B273791A100375530 /* PMViewController.swift */,
				223BBF802738477000375530 /* Extensions */,
			);
			path = Misc;
			sourceTree = "<group>";
		};
		223BBF802738477000375530 /* Extensions */ = {
			isa = PBXGroup;
			children = (
				22A760CE27A8C8970006E9BC /* UIEdgeInsets.+.swift */,
				223BBF81273847C300375530 /* Adopt.swift */,
				22817B9627E11D6800D34C71 /* AbsoluteFrame.swift */,
				221A296F275D533D00C283FE /* ControlledCell.swift */,
				221A2993275D943E00C283FE /* RemoveDuplicates.swift */,
				22BE9C0C27606A280080E475 /* Supertall.swift */,
				22F2463E274D6A9E00AE17AD /* NSLayoutConstraint.replace.swift */,
				2266D0CB276197E20099477D /* ShowAlert.swift */,
				223BBF8927385AFA00375530 /* OptionalCompare.swift */,
				223BBF8B27385B0F00375530 /* OptionalCast.swift */,
				2266D0C927616FDA0099477D /* GetHeight.swift */,
				22BFD7A62775882000E46DF1 /* Collection<Enum>.max.swift */,
				22BFD7A82775883F00E46DF1 /* Collection.isNotEmpty.swift */,
				228D71E8277AC06100E306BD /* TimeInterval.swift */,
				22193DA1278280CD005A7708 /* URLError.swift */,
				22FA269D2794B88400DD8EE4 /* Truncated.swift */,
				22FA26B42795C77A00DD8EE4 /* Realm.TransactionToken.swift */,
				22144E1C27B9B21F002AAFB6 /* UIImage.fill.swift */,
			);
			path = Extensions;
			sourceTree = "<group>";
		};
		224F88D1275E5B8600085678 /* Album */ = {
			isa = PBXGroup;
			children = (
				221A2991275D680900C283FE /* AlbumController.swift */,
				22A760C427A750390006E9BC /* CountButton.swift */,
				22BC9E9227A5C9A000721BD2 /* ImageViewController.swift */,
				22817B9B27E2B70D00D34C71 /* VideoController.swift */,
				22FBAAD927B07EA600FEEB71 /* MediaModel.swift */,
				22FBAAD727B07E0200FEEB71 /* SymbolCircleView.swift */,
				22FBAAD527B07C6000FEEB71 /* GIFViewController.swift */,
				22FBAADB27B17A4A00FEEB71 /* GIFProgressBarView.swift */,
				22817BA127E3DB2700D34C71 /* ImageZoom.md */,
			);
			path = Album;
			sourceTree = "<group>";
		};
		22817BAC27E5475A00D34C71 /* Modal Gallery */ = {
			isa = PBXGroup;
			children = (
				22817BA227E4057200D34C71 /* GalleryViewController.swift */,
				22817BB427E5498400D34C71 /* GalleryView.swift */,
				226D2BB527E7F82100ACB0CA /* TopShadeView.swift */,
				228A097927EB9F47003714A0 /* ShadeCloseButton.swift */,
				228A097B27EB9FCD003714A0 /* LiveTextButton.swift */,
				226D2BB727E806C000ACB0CA /* BottomShadeView.swift */,
				22817BB027E5493A00D34C71 /* ModalPageViewController.swift */,
				22817BB227E5496300D34C71 /* ModalAlbumDataSource.swift */,
				22817BA827E520AC00D34C71 /* ModalPageView.swift */,
				22817BAA27E5210700D34C71 /* ModalPageLayout.swift */,
				22817BA627E51BF900D34C71 /* ModalPageViewCell.swift */,
				22817B9F27E3A0BC00D34C71 /* ZoomableImageView.swift */,
				22DBDC5227EA1EFF005D0595 /* VisionTextResult.swift */,
				22817BA427E51B8F00D34C71 /* GeometryTargetProvider.swift */,
				22817BAE27E5486800D34C71 /* GalleryTransition.swift */,
				228A097D27EBA906003714A0 /* Live Text Notes.md */,
			);
			path = "Modal Gallery";
			sourceTree = "<group>";
		};
		228D71EE2780127400E306BD /* DateWindow */ = {
			isa = PBXGroup;
			children = (
				228D71E6277A953500E306BD /* DateWindow.swift */,
				228D71EF2780128300E306BD /* RealmDateWindow.swift */,
				228D71F12780142200E306BD /* UserTimelineWindow.swift */,
			);
			path = DateWindow;
			sourceTree = "<group>";
		};
		22A760BB27A5EF8B0006E9BC /* Migrations */ = {
			isa = PBXGroup;
			children = (
				22A760BC27A5EF990006E9BC /* MakeRealm.swift */,
			);
			path = Migrations;
			sourceTree = "<group>";
		};
		22D127DF2740653900932614 /* TweetCell */ = {
			isa = PBXGroup;
			children = (
				22D127DD2740651C00932614 /* TweetCell.swift */,
				22BC9E9027A5C97800721BD2 /* ColorMarkerView.swift */,
				22A760BE27A5F38E0006E9BC /* QuoteView.swift */,
				22D127EB274070CD00932614 /* MetricButtons.swift */,
				22A9E9042772A86700C4EE99 /* TimestampButton.swift */,
				22D127ED2740713500932614 /* TimeDifference.swift */,
				22D127E02740655900932614 /* IconView.swift */,
				22760A4C274AF5A200F28F0A /* SpacedSeparator.swift */,
				22D127E6274065E900932614 /* UserView.swift */,
				22193DA327829C5E005A7708 /* ProfileImageView.swift */,
				22D127E42740659E00932614 /* RetweetView.swift */,
				22D127E927406F9700932614 /* RetweetSymbol.swift */,
				228D71EC277C1D2300E306BD /* CellEvent.swift */,
			);
			path = TweetCell;
			sourceTree = "<group>";
		};
		22D2572C27883A35005FC3D8 /* UserDefaults */ = {
			isa = PBXGroup;
			children = (
				223BBF7727377F5100375530 /* Storage.swift */,
				22D2572D27883A56005FC3D8 /* ScrollPosition.swift */,
			);
			path = UserDefaults;
			sourceTree = "<group>";
		};
		22FA26A32795B83F00DD8EE4 /* Tweet */ = {
			isa = PBXGroup;
			children = (
				223BBF6B27377EC100375530 /* Tweet.swift */,
				22FBAAD327AF1EC800FEEB71 /* Tweet.addVideo.swift */,
				22FA26A62795B91F00DD8EE4 /* Tweet Shorthand.swift */,
				22FA26A82795B9BB00DD8EE4 /* Tweet.chronologicalSort.swift */,
				22FA26A42795B85400DD8EE4 /* Tweet+Identifiable.swift */,
			);
			path = Tweet;
			sourceTree = "<group>";
		};
		22FA26AA2795BA2C00DD8EE4 /* Engine */ = {
			isa = PBXGroup;
			children = (
				22FA26AB2795BA4000DD8EE4 /* README.md */,
				22FA26AC2795BA9C00DD8EE4 /* LinkTweet.swift */,
				22FA26B62795D1FB00DD8EE4 /* LinkConversations.swift */,
				22FA26AE2795BAC500DD8EE4 /* UpdateDangling.swift */,
				22FA26B02795C61100DD8EE4 /* StoreFollowing.swift */,
				22FA26B22795C70F00DD8EE4 /* UpdateRelevance.swift */,
				22193DB62785A878005A7708 /* OnFollow.swift */,
				22193DB92785C20B005A7708 /* OnUnfollow.swift */,
			);
			path = Engine;
			sourceTree = "<group>";
		};
		B0EEE3B548932ECDAC7403EE /* Frameworks */ = {
			isa = PBXGroup;
			children = (
				D94AC60E07E38E82221BD40E /* Pods_Hyperthread.framework */,
			);
			name = Frameworks;
			sourceTree = "<group>";
		};
		E44226554E1314DFD9BA4529 /* Pods */ = {
			isa = PBXGroup;
			children = (
				338DA1FE21856F63227552BA /* Pods-UIBranch.debug.xcconfig */,
				6AA1567DBF1B99964040D14F /* Pods-UIBranch.release.xcconfig */,
				9E89678A72C118E2BE4233E6 /* Pods-Hyperthread.debug.xcconfig */,
				BBEAEA172C30F2ACE839009B /* Pods-Hyperthread.release.xcconfig */,
			);
			path = Pods;
			sourceTree = "<group>";
		};
/* End PBXGroup section */

/* Begin PBXNativeTarget section */
		223BBF2627377BE500375530 /* Hyperthread */ = {
			isa = PBXNativeTarget;
			buildConfigurationList = 223BBF5127377BE600375530 /* Build configuration list for PBXNativeTarget "Hyperthread" */;
			buildPhases = (
				C2F4D91FEDE3D8A0ECE530D0 /* [CP] Check Pods Manifest.lock */,
				223BBF2327377BE500375530 /* Sources */,
				223BBF2427377BE500375530 /* Frameworks */,
				223BBF2527377BE500375530 /* Resources */,
				0BC796273172916157EBF55D /* [CP] Embed Pods Frameworks */,
				22D25729278804B7005FC3D8 /* ShellScript */,
			);
			buildRules = (
			);
			dependencies = (
			);
			name = Hyperthread;
			packageProductDependencies = (
				223BBF5C27377E4600375530 /* Twig */,
				22F2463C274CA41800AE17AD /* BlackBox */,
				221A296C275D36B700C283FE /* SDWebImage */,
				22D257332788459D005FC3D8 /* Algorithms */,
			);
			productName = UIBranch;
			productReference = 223BBF2727377BE500375530 /* Hyperthread.app */;
			productType = "com.apple.product-type.application";
		};
		223BBF3C27377BE600375530 /* HyperthreadTests */ = {
			isa = PBXNativeTarget;
			buildConfigurationList = 223BBF5427377BE600375530 /* Build configuration list for PBXNativeTarget "HyperthreadTests" */;
			buildPhases = (
				223BBF3927377BE600375530 /* Sources */,
				223BBF3A27377BE600375530 /* Frameworks */,
				223BBF3B27377BE600375530 /* Resources */,
			);
			buildRules = (
			);
			dependencies = (
				223BBF3F27377BE600375530 /* PBXTargetDependency */,
			);
			name = HyperthreadTests;
			productName = UIBranchTests;
			productReference = 223BBF3D27377BE600375530 /* HyperthreadTests.xctest */;
			productType = "com.apple.product-type.bundle.unit-test";
		};
		223BBF4627377BE600375530 /* HyperthreadUITests */ = {
			isa = PBXNativeTarget;
			buildConfigurationList = 223BBF5727377BE600375530 /* Build configuration list for PBXNativeTarget "HyperthreadUITests" */;
			buildPhases = (
				223BBF4327377BE600375530 /* Sources */,
				223BBF4427377BE600375530 /* Frameworks */,
				223BBF4527377BE600375530 /* Resources */,
			);
			buildRules = (
			);
			dependencies = (
				223BBF4927377BE600375530 /* PBXTargetDependency */,
			);
			name = HyperthreadUITests;
			productName = UIBranchUITests;
			productReference = 223BBF4727377BE600375530 /* HyperthreadUITests.xctest */;
			productType = "com.apple.product-type.bundle.ui-testing";
		};
/* End PBXNativeTarget section */

/* Begin PBXProject section */
		223BBF1F27377BE500375530 /* Project object */ = {
			isa = PBXProject;
			attributes = {
				BuildIndependentTargetsInParallel = 1;
				LastSwiftUpdateCheck = 1310;
				LastUpgradeCheck = 1310;
				TargetAttributes = {
					223BBF2627377BE500375530 = {
						CreatedOnToolsVersion = 13.1;
					};
					223BBF3C27377BE600375530 = {
						CreatedOnToolsVersion = 13.1;
						TestTargetID = 223BBF2627377BE500375530;
					};
					223BBF4627377BE600375530 = {
						CreatedOnToolsVersion = 13.1;
						TestTargetID = 223BBF2627377BE500375530;
					};
				};
			};
			buildConfigurationList = 223BBF2227377BE500375530 /* Build configuration list for PBXProject "Hyperthread" */;
			compatibilityVersion = "Xcode 13.0";
			developmentRegion = en;
			hasScannedForEncodings = 0;
			knownRegions = (
				en,
				Base,
			);
			mainGroup = 223BBF1E27377BE500375530;
			packageReferences = (
				221A296B275D36B700C283FE /* XCRemoteSwiftPackageReference "SDWebImage" */,
				22D257322788459D005FC3D8 /* XCRemoteSwiftPackageReference "swift-algorithms" */,
			);
			productRefGroup = 223BBF2827377BE500375530 /* Products */;
			projectDirPath = "";
			projectRoot = "";
			targets = (
				223BBF2627377BE500375530 /* Hyperthread */,
				223BBF3C27377BE600375530 /* HyperthreadTests */,
				223BBF4627377BE600375530 /* HyperthreadUITests */,
			);
		};
/* End PBXProject section */

/* Begin PBXResourcesBuildPhase section */
		223BBF2527377BE500375530 /* Resources */ = {
			isa = PBXResourcesBuildPhase;
			buildActionMask = 2147483647;
			files = (
				223BBF3727377BE600375530 /* LaunchScreen.storyboard in Resources */,
				223BBF3427377BE600375530 /* Assets.xcassets in Resources */,
				223BBF3227377BE500375530 /* Main.storyboard in Resources */,
			);
			runOnlyForDeploymentPostprocessing = 0;
		};
		223BBF3B27377BE600375530 /* Resources */ = {
			isa = PBXResourcesBuildPhase;
			buildActionMask = 2147483647;
			files = (
			);
			runOnlyForDeploymentPostprocessing = 0;
		};
		223BBF4527377BE600375530 /* Resources */ = {
			isa = PBXResourcesBuildPhase;
			buildActionMask = 2147483647;
			files = (
			);
			runOnlyForDeploymentPostprocessing = 0;
		};
/* End PBXResourcesBuildPhase section */

/* Begin PBXShellScriptBuildPhase section */
		0BC796273172916157EBF55D /* [CP] Embed Pods Frameworks */ = {
			isa = PBXShellScriptBuildPhase;
			buildActionMask = 2147483647;
			files = (
			);
			inputFileListPaths = (
				"${PODS_ROOT}/Target Support Files/Pods-Hyperthread/Pods-Hyperthread-frameworks-${CONFIGURATION}-input-files.xcfilelist",
			);
			name = "[CP] Embed Pods Frameworks";
			outputFileListPaths = (
				"${PODS_ROOT}/Target Support Files/Pods-Hyperthread/Pods-Hyperthread-frameworks-${CONFIGURATION}-output-files.xcfilelist",
			);
			runOnlyForDeploymentPostprocessing = 0;
			shellPath = /bin/sh;
			shellScript = "\"${PODS_ROOT}/Target Support Files/Pods-Hyperthread/Pods-Hyperthread-frameworks.sh\"\n";
			showEnvVarsInLog = 0;
		};
		22D25729278804B7005FC3D8 /* ShellScript */ = {
			isa = PBXShellScriptBuildPhase;
			buildActionMask = 2147483647;
			files = (
			);
			inputFileListPaths = (
			);
			inputPaths = (
			);
			outputFileListPaths = (
			);
			outputPaths = (
			);
			runOnlyForDeploymentPostprocessing = 0;
			shellPath = /bin/bash;
			shellScript = "if [[ ${CONFIGURATION} == \"Debug\" ]]; then\n    bundlePath=\"${CONFIGURATION_BUILD_DIR}/${CONTENTS_FOLDER_PATH}\"\n    cp -R \"${SRCROOT}/AppData/ReloadTests.xcappdata\" $bundlePath\nfi\n";
		};
		C2F4D91FEDE3D8A0ECE530D0 /* [CP] Check Pods Manifest.lock */ = {
			isa = PBXShellScriptBuildPhase;
			buildActionMask = 2147483647;
			files = (
			);
			inputFileListPaths = (
			);
			inputPaths = (
				"${PODS_PODFILE_DIR_PATH}/Podfile.lock",
				"${PODS_ROOT}/Manifest.lock",
			);
			name = "[CP] Check Pods Manifest.lock";
			outputFileListPaths = (
			);
			outputPaths = (
				"$(DERIVED_FILE_DIR)/Pods-Hyperthread-checkManifestLockResult.txt",
			);
			runOnlyForDeploymentPostprocessing = 0;
			shellPath = /bin/sh;
			shellScript = "diff \"${PODS_PODFILE_DIR_PATH}/Podfile.lock\" \"${PODS_ROOT}/Manifest.lock\" > /dev/null\nif [ $? != 0 ] ; then\n    # print error to STDERR\n    echo \"error: The sandbox is not in sync with the Podfile.lock. Run 'pod install' or update your CocoaPods installation.\" >&2\n    exit 1\nfi\n# This output is used by Xcode 'outputs' to avoid re-running this script phase.\necho \"SUCCESS\" > \"${SCRIPT_OUTPUT_FILE_0}\"\n";
			showEnvVarsInLog = 0;
		};
/* End PBXShellScriptBuildPhase section */

/* Begin PBXSourcesBuildPhase section */
		223BBF2327377BE500375530 /* Sources */ = {
			isa = PBXSourcesBuildPhase;
			buildActionMask = 2147483647;
			files = (
				228D71E9277AC06100E306BD /* TimeInterval.swift in Sources */,
				22FA26A92795B9BB00DD8EE4 /* Tweet.chronologicalSort.swift in Sources */,
				22193DB327840923005A7708 /* UserModalViewController.swift in Sources */,
				22D127EA27406F9700932614 /* RetweetSymbol.swift in Sources */,
				22760A43274A927A00F28F0A /* CardTeaserCell.swift in Sources */,
				22D127EC274070CD00932614 /* MetricButtons.swift in Sources */,
				22FA26B32795C70F00DD8EE4 /* UpdateRelevance.swift in Sources */,
				22760A45274AA6ED00F28F0A /* CardBackground.swift in Sources */,
				22BFD7A52774620600E46DF1 /* HomeTimelineHelper.swift in Sources */,
				22817BAB27E5210700D34C71 /* ModalPageLayout.swift in Sources */,
				223BBF8C27385B0F00375530 /* OptionalCast.swift in Sources */,
				223BBF6D27377EC300375530 /* Conversation.swift in Sources */,
				223BBF7E273846BE00375530 /* LoginState.swift in Sources */,
				22D127E7274065E900932614 /* UserView.swift in Sources */,
				228D71ED277C1D2300E306BD /* CellEvent.swift in Sources */,
				2248FF502745BEA100C6DEF9 /* Entities.swift in Sources */,
				22193DAC2783E158005A7708 /* UserTimelineFetch.swift in Sources */,
				22817BB127E5493A00D34C71 /* ModalPageViewController.swift in Sources */,
				22817BB327E5496300D34C71 /* ModalAlbumDataSource.swift in Sources */,
				22BE9C0D27606A280080E475 /* Supertall.swift in Sources */,
				22D127E12740655900932614 /* IconView.swift in Sources */,
				22FA26A02794CC4D00DD8EE4 /* DiscussionDDS.swift in Sources */,
				22FA26B12795C61100DD8EE4 /* StoreFollowing.swift in Sources */,
				22817BA527E51B8F00D34C71 /* GeometryTargetProvider.swift in Sources */,
				2266D0CC276197E20099477D /* ShowAlert.swift in Sources */,
				2232DD2C2796F1E900936846 /* TableTopBar.swift in Sources */,
				223BBF862738572C00375530 /* MainTable.swift in Sources */,
				223BBF6F27377EC300375530 /* Discussion.swift in Sources */,
				22D127EE2740713500932614 /* TimeDifference.swift in Sources */,
				223BBF2F27377BE500375530 /* ViewController.swift in Sources */,
				22FA26AF2795BAC500DD8EE4 /* UpdateDangling.swift in Sources */,
				22FD36B1274B454700CFB84C /* ReadIndicatorView.swift in Sources */,
				223BBF6527377E8900375530 /* IngestTweet.swift in Sources */,
				22817BA727E51BF900D34C71 /* ModalPageViewCell.swift in Sources */,
				22FA26A22795B6CD00DD8EE4 /* ReferenceSet.swift in Sources */,
				22817BB527E5498400D34C71 /* GalleryView.swift in Sources */,
				2266D0CA27616FDA0099477D /* GetHeight.swift in Sources */,
				22D2572E27883A56005FC3D8 /* ScrollPosition.swift in Sources */,
				22A760CF27A8C8970006E9BC /* UIEdgeInsets.+.swift in Sources */,
				228D71F02780128300E306BD /* RealmDateWindow.swift in Sources */,
				22FBAAD627B07C6000FEEB71 /* GIFViewController.swift in Sources */,
				223BBF7127377EC300375530 /* Query.swift in Sources */,
				223BBF7A2737867800375530 /* AuthView.swift in Sources */,
				22760A41274A8B4200F28F0A /* TweetTextView.swift in Sources */,
				22FA26B52795C77A00DD8EE4 /* Realm.TransactionToken.swift in Sources */,
				22A760C527A750390006E9BC /* CountButton.swift in Sources */,
				22BFD7A72775882000E46DF1 /* Collection<Enum>.max.swift in Sources */,
				220101D427545B94005C1385 /* ViewControllerDeque.swift in Sources */,
				22FA269E2794B88400DD8EE4 /* Truncated.swift in Sources */,
				22680A92276B41B1008827F8 /* Relevance.swift in Sources */,
				22FA26AD2795BA9C00DD8EE4 /* LinkTweet.swift in Sources */,
				22D2573127883F75005FC3D8 /* ReferenceCrawler.swift in Sources */,
				228D71E7277A953500E306BD /* DateWindow.swift in Sources */,
				22680A90276B4159008827F8 /* PublicMetrics.swift in Sources */,
				223BBF84273847E900375530 /* LoginViewController.swift in Sources */,
				22144E1B27B83B79002AAFB6 /* CardTeaserCell.style.swift in Sources */,
				22193DAA2783DD5E005A7708 /* FollowingCache.swift in Sources */,
				22760A4F274B136200F28F0A /* Media.swift in Sources */,
				22DBDC5327EA1EFF005D0595 /* VisionTextResult.swift in Sources */,
				22BC9E9127A5C97800721BD2 /* ColorMarkerView.swift in Sources */,
				22FBAAD427AF1EC800FEEB71 /* Tweet.addVideo.swift in Sources */,
				22EE928D2799C5BB003C9056 /* UserMessage.swift in Sources */,
				223BBF7C273791A100375530 /* PMViewController.swift in Sources */,
				22FBAADC27B17A4A00FEEB71 /* GIFProgressBarView.swift in Sources */,
				22BC9E8F27A5C95100721BD2 /* DiscussionTree.swift in Sources */,
				22D127DE2740651C00932614 /* TweetCell.swift in Sources */,
				22BFD7A92775883F00E46DF1 /* Collection.isNotEmpty.swift in Sources */,
				22760A4B274AE63000F28F0A /* SummaryLine.swift in Sources */,
				226D2BB627E7F82100ACB0CA /* TopShadeView.swift in Sources */,
				223BBF6327377E8900375530 /* FetchAndStoreUsers.swift in Sources */,
				22193DA2278280CD005A7708 /* URLError.swift in Sources */,
				221A2970275D533D00C283FE /* ControlledCell.swift in Sources */,
				228A097A27EB9F48003714A0 /* ShadeCloseButton.swift in Sources */,
				223BBF82273847C300375530 /* Adopt.swift in Sources */,
				22817BA927E520AC00D34C71 /* ModalPageView.swift in Sources */,
				22A760CD27A883100006E9BC /* DiscussionLoader.swift in Sources */,
				223BBF6E27377EC300375530 /* User.swift in Sources */,
				22A760BF27A5F38E0006E9BC /* QuoteView.swift in Sources */,
				22D257272787E402005FC3D8 /* LoadAppData.swift in Sources */,
				22A760C927A866610006E9BC /* DiscussionTableWrapper.swift in Sources */,
				22193DB72785A878005A7708 /* OnFollow.swift in Sources */,
				22FA26B72795D1FB00DD8EE4 /* LinkConversations.swift in Sources */,
				222161F22741A8EA00220F0C /* CardHeaderCell.swift in Sources */,
				223BBF2B27377BE500375530 /* AppDelegate.swift in Sources */,
				223BBF7427377EF100375530 /* Logger.swift in Sources */,
				223BBF8A27385AFA00375530 /* OptionalCompare.swift in Sources */,
				223BBF2D27377BE500375530 /* SceneDelegate.swift in Sources */,
				22FA26A52795B85400DD8EE4 /* Tweet+Identifiable.swift in Sources */,
				222161F42741C2F400220F0C /* AssetColors.swift in Sources */,
				22D2573627885720005FC3D8 /* AsyncHomeTimeline.swift in Sources */,
				22760A47274ADEF500F28F0A /* MarkReadDaemon.swift in Sources */,
				22817BA327E4057200D34C71 /* GalleryViewController.swift in Sources */,
				22193DAF27840477005A7708 /* URLScheme.swift in Sources */,
				221A2994275D943E00C283FE /* RemoveDuplicates.swift in Sources */,
				22817B9727E11D6800D34C71 /* AbsoluteFrame.swift in Sources */,
				22FBAAD827B07E0200FEEB71 /* SymbolCircleView.swift in Sources */,
				22817B9C27E2B70D00D34C71 /* VideoController.swift in Sources */,
				22144E1D27B9B21F002AAFB6 /* UIImage.fill.swift in Sources */,
				22817BA027E3A0BC00D34C71 /* ZoomableImageView.swift in Sources */,
				22D127E52740659E00932614 /* RetweetView.swift in Sources */,
				221A2992275D680900C283FE /* AlbumController.swift in Sources */,
				22D127DC27404F4200932614 /* DiscussionTable.swift in Sources */,
				22760A49274ADFA900F28F0A /* ReadStatus.swift in Sources */,
				22760A4D274AF5A200F28F0A /* SpacedSeparator.swift in Sources */,
				22FBAADA27B07EA700FEEB71 /* MediaModel.swift in Sources */,
				22193DBA2785C20B005A7708 /* OnUnfollow.swift in Sources */,
				22A9E9052772A86700C4EE99 /* TimestampButton.swift in Sources */,
				22331BB927A5CC97003FDD5F /* CanonicalString.swift in Sources */,
				22A760BD27A5EF990006E9BC /* MakeRealm.swift in Sources */,
				22F2463F274D6A9E00AE17AD /* NSLayoutConstraint.replace.swift in Sources */,
				228D71EB277C1BD400E306BD /* FollowingLine.swift in Sources */,
				226D2BB827E806C000ACB0CA /* BottomShadeView.swift in Sources */,
				22FA269A2794846F00DD8EE4 /* FirstFetch.swift in Sources */,
				228D71F22780142200E306BD /* UserTimelineWindow.swift in Sources */,
				22817BAF27E5486800D34C71 /* GalleryTransition.swift in Sources */,
				22FBAAD227AEF85700FEEB71 /* Video.swift in Sources */,
				2232DD2E2796F75000936846 /* MainTableWrapper.swift in Sources */,
				22193DB12784050F005A7708 /* TweetViewDelegate.swift in Sources */,
				2266D0C827616D6A0099477D /* ArrowRefreshControl.swift in Sources */,
				22FBAAD027AECF6D00FEEB71 /* MediaFetcher.swift in Sources */,
				22680A84276AA651008827F8 /* Sealed.swift in Sources */,
				22A760C327A626640006E9BC /* LoadDiscussion.swift in Sources */,
				223BBF7027377EC300375530 /* Tweet.swift in Sources */,
				22193DA427829C5E005A7708 /* ProfileImageView.swift in Sources */,
				22BC9E9327A5C9A000721BD2 /* ImageViewController.swift in Sources */,
				223BBF7827377F5100375530 /* Storage.swift in Sources */,
				22FA26A72795B91F00DD8EE4 /* Tweet Shorthand.swift in Sources */,
				228A097C27EB9FCD003714A0 /* LiveTextButton.swift in Sources */,
				22193DB527859D2D005A7708 /* RealmError.swift in Sources */,
			);
			runOnlyForDeploymentPostprocessing = 0;
		};
		223BBF3927377BE600375530 /* Sources */ = {
			isa = PBXSourcesBuildPhase;
			buildActionMask = 2147483647;
			files = (
				223BBF4227377BE600375530 /* HyperthreadTests.swift in Sources */,
			);
			runOnlyForDeploymentPostprocessing = 0;
		};
		223BBF4327377BE600375530 /* Sources */ = {
			isa = PBXSourcesBuildPhase;
			buildActionMask = 2147483647;
			files = (
				223BBF4E27377BE600375530 /* HyperthreadUITestsLaunchTests.swift in Sources */,
				223BBF4C27377BE600375530 /* HyperthreadUITests.swift in Sources */,
			);
			runOnlyForDeploymentPostprocessing = 0;
		};
/* End PBXSourcesBuildPhase section */

/* Begin PBXTargetDependency section */
		223BBF3F27377BE600375530 /* PBXTargetDependency */ = {
			isa = PBXTargetDependency;
			target = 223BBF2627377BE500375530 /* Hyperthread */;
			targetProxy = 223BBF3E27377BE600375530 /* PBXContainerItemProxy */;
		};
		223BBF4927377BE600375530 /* PBXTargetDependency */ = {
			isa = PBXTargetDependency;
			target = 223BBF2627377BE500375530 /* Hyperthread */;
			targetProxy = 223BBF4827377BE600375530 /* PBXContainerItemProxy */;
		};
/* End PBXTargetDependency section */

/* Begin PBXVariantGroup section */
		223BBF3027377BE500375530 /* Main.storyboard */ = {
			isa = PBXVariantGroup;
			children = (
				223BBF3127377BE500375530 /* Base */,
			);
			name = Main.storyboard;
			sourceTree = "<group>";
		};
		223BBF3527377BE600375530 /* LaunchScreen.storyboard */ = {
			isa = PBXVariantGroup;
			children = (
				223BBF3627377BE600375530 /* Base */,
			);
			name = LaunchScreen.storyboard;
			sourceTree = "<group>";
		};
/* End PBXVariantGroup section */

/* Begin XCBuildConfiguration section */
		223BBF4F27377BE600375530 /* Debug */ = {
			isa = XCBuildConfiguration;
			buildSettings = {
				ALWAYS_SEARCH_USER_PATHS = NO;
				CLANG_ANALYZER_NONNULL = YES;
				CLANG_ANALYZER_NUMBER_OBJECT_CONVERSION = YES_AGGRESSIVE;
				CLANG_CXX_LANGUAGE_STANDARD = "gnu++17";
				CLANG_CXX_LIBRARY = "libc++";
				CLANG_ENABLE_MODULES = YES;
				CLANG_ENABLE_OBJC_ARC = YES;
				CLANG_ENABLE_OBJC_WEAK = YES;
				CLANG_WARN_BLOCK_CAPTURE_AUTORELEASING = YES;
				CLANG_WARN_BOOL_CONVERSION = YES;
				CLANG_WARN_COMMA = YES;
				CLANG_WARN_CONSTANT_CONVERSION = YES;
				CLANG_WARN_DEPRECATED_OBJC_IMPLEMENTATIONS = YES;
				CLANG_WARN_DIRECT_OBJC_ISA_USAGE = YES_ERROR;
				CLANG_WARN_DOCUMENTATION_COMMENTS = YES;
				CLANG_WARN_EMPTY_BODY = YES;
				CLANG_WARN_ENUM_CONVERSION = YES;
				CLANG_WARN_INFINITE_RECURSION = YES;
				CLANG_WARN_INT_CONVERSION = YES;
				CLANG_WARN_NON_LITERAL_NULL_CONVERSION = YES;
				CLANG_WARN_OBJC_IMPLICIT_RETAIN_SELF = YES;
				CLANG_WARN_OBJC_LITERAL_CONVERSION = YES;
				CLANG_WARN_OBJC_ROOT_CLASS = YES_ERROR;
				CLANG_WARN_QUOTED_INCLUDE_IN_FRAMEWORK_HEADER = YES;
				CLANG_WARN_RANGE_LOOP_ANALYSIS = YES;
				CLANG_WARN_STRICT_PROTOTYPES = YES;
				CLANG_WARN_SUSPICIOUS_MOVE = YES;
				CLANG_WARN_UNGUARDED_AVAILABILITY = YES_AGGRESSIVE;
				CLANG_WARN_UNREACHABLE_CODE = YES;
				CLANG_WARN__DUPLICATE_METHOD_MATCH = YES;
				COPY_PHASE_STRIP = NO;
				DEBUG_INFORMATION_FORMAT = dwarf;
				ENABLE_STRICT_OBJC_MSGSEND = YES;
				ENABLE_TESTABILITY = YES;
				GCC_C_LANGUAGE_STANDARD = gnu11;
				GCC_DYNAMIC_NO_PIC = NO;
				GCC_NO_COMMON_BLOCKS = YES;
				GCC_OPTIMIZATION_LEVEL = 0;
				GCC_PREPROCESSOR_DEFINITIONS = (
					"DEBUG=1",
					"$(inherited)",
				);
				GCC_WARN_64_TO_32_BIT_CONVERSION = YES;
				GCC_WARN_ABOUT_RETURN_TYPE = YES_ERROR;
				GCC_WARN_UNDECLARED_SELECTOR = YES;
				GCC_WARN_UNINITIALIZED_AUTOS = YES_AGGRESSIVE;
				GCC_WARN_UNUSED_FUNCTION = YES;
				GCC_WARN_UNUSED_VARIABLE = YES;
				IPHONEOS_DEPLOYMENT_TARGET = 15.0;
				MTL_ENABLE_DEBUG_INFO = INCLUDE_SOURCE;
				MTL_FAST_MATH = YES;
				ONLY_ACTIVE_ARCH = YES;
				SDKROOT = iphoneos;
				SWIFT_ACTIVE_COMPILATION_CONDITIONS = DEBUG;
				SWIFT_OPTIMIZATION_LEVEL = "-Onone";
			};
			name = Debug;
		};
		223BBF5027377BE600375530 /* Release */ = {
			isa = XCBuildConfiguration;
			buildSettings = {
				ALWAYS_SEARCH_USER_PATHS = NO;
				CLANG_ANALYZER_NONNULL = YES;
				CLANG_ANALYZER_NUMBER_OBJECT_CONVERSION = YES_AGGRESSIVE;
				CLANG_CXX_LANGUAGE_STANDARD = "gnu++17";
				CLANG_CXX_LIBRARY = "libc++";
				CLANG_ENABLE_MODULES = YES;
				CLANG_ENABLE_OBJC_ARC = YES;
				CLANG_ENABLE_OBJC_WEAK = YES;
				CLANG_WARN_BLOCK_CAPTURE_AUTORELEASING = YES;
				CLANG_WARN_BOOL_CONVERSION = YES;
				CLANG_WARN_COMMA = YES;
				CLANG_WARN_CONSTANT_CONVERSION = YES;
				CLANG_WARN_DEPRECATED_OBJC_IMPLEMENTATIONS = YES;
				CLANG_WARN_DIRECT_OBJC_ISA_USAGE = YES_ERROR;
				CLANG_WARN_DOCUMENTATION_COMMENTS = YES;
				CLANG_WARN_EMPTY_BODY = YES;
				CLANG_WARN_ENUM_CONVERSION = YES;
				CLANG_WARN_INFINITE_RECURSION = YES;
				CLANG_WARN_INT_CONVERSION = YES;
				CLANG_WARN_NON_LITERAL_NULL_CONVERSION = YES;
				CLANG_WARN_OBJC_IMPLICIT_RETAIN_SELF = YES;
				CLANG_WARN_OBJC_LITERAL_CONVERSION = YES;
				CLANG_WARN_OBJC_ROOT_CLASS = YES_ERROR;
				CLANG_WARN_QUOTED_INCLUDE_IN_FRAMEWORK_HEADER = YES;
				CLANG_WARN_RANGE_LOOP_ANALYSIS = YES;
				CLANG_WARN_STRICT_PROTOTYPES = YES;
				CLANG_WARN_SUSPICIOUS_MOVE = YES;
				CLANG_WARN_UNGUARDED_AVAILABILITY = YES_AGGRESSIVE;
				CLANG_WARN_UNREACHABLE_CODE = YES;
				CLANG_WARN__DUPLICATE_METHOD_MATCH = YES;
				COPY_PHASE_STRIP = NO;
				DEBUG_INFORMATION_FORMAT = "dwarf-with-dsym";
				ENABLE_NS_ASSERTIONS = NO;
				ENABLE_STRICT_OBJC_MSGSEND = YES;
				GCC_C_LANGUAGE_STANDARD = gnu11;
				GCC_NO_COMMON_BLOCKS = YES;
				GCC_WARN_64_TO_32_BIT_CONVERSION = YES;
				GCC_WARN_ABOUT_RETURN_TYPE = YES_ERROR;
				GCC_WARN_UNDECLARED_SELECTOR = YES;
				GCC_WARN_UNINITIALIZED_AUTOS = YES_AGGRESSIVE;
				GCC_WARN_UNUSED_FUNCTION = YES;
				GCC_WARN_UNUSED_VARIABLE = YES;
				IPHONEOS_DEPLOYMENT_TARGET = 15.0;
				MTL_ENABLE_DEBUG_INFO = NO;
				MTL_FAST_MATH = YES;
				SDKROOT = iphoneos;
				SWIFT_COMPILATION_MODE = wholemodule;
				SWIFT_OPTIMIZATION_LEVEL = "-O";
				VALIDATE_PRODUCT = YES;
			};
			name = Release;
		};
		223BBF5227377BE600375530 /* Debug */ = {
			isa = XCBuildConfiguration;
			baseConfigurationReference = 9E89678A72C118E2BE4233E6 /* Pods-Hyperthread.debug.xcconfig */;
			buildSettings = {
				ASSETCATALOG_COMPILER_APPICON_NAME = AppIcon;
				ASSETCATALOG_COMPILER_GLOBAL_ACCENT_COLOR_NAME = AccentColor;
				CODE_SIGN_STYLE = Automatic;
				CURRENT_PROJECT_VERSION = 1;
				DEVELOPMENT_TEAM = 949D776DFQ;
				GENERATE_INFOPLIST_FILE = YES;
				INFOPLIST_FILE = Hyperthread/Info.plist;
				INFOPLIST_KEY_CFBundleDisplayName = Hyperthread;
				INFOPLIST_KEY_UIApplicationSupportsIndirectInputEvents = YES;
				INFOPLIST_KEY_UILaunchStoryboardName = LaunchScreen;
				INFOPLIST_KEY_UIMainStoryboardFile = Main;
				INFOPLIST_KEY_UISupportedInterfaceOrientations_iPad = "UIInterfaceOrientationPortrait UIInterfaceOrientationPortraitUpsideDown UIInterfaceOrientationLandscapeLeft UIInterfaceOrientationLandscapeRight";
				INFOPLIST_KEY_UISupportedInterfaceOrientations_iPhone = "UIInterfaceOrientationPortrait UIInterfaceOrientationLandscapeLeft UIInterfaceOrientationLandscapeRight";
				LD_RUNPATH_SEARCH_PATHS = (
					"$(inherited)",
					"@executable_path/Frameworks",
				);
				MARKETING_VERSION = 1.3;
				"OTHER_SWIFT_FLAGS[arch=*]" = "-Xfrontend -warn-concurrency -Xfrontend -enable-actor-data-race-checks";
				PRODUCT_BUNDLE_IDENTIFIER = "-.Hyperthread";
				PRODUCT_NAME = "$(TARGET_NAME)";
				SWIFT_EMIT_LOC_STRINGS = YES;
				SWIFT_VERSION = 5.0;
				TARGETED_DEVICE_FAMILY = "1,2";
			};
			name = Debug;
		};
		223BBF5327377BE600375530 /* Release */ = {
			isa = XCBuildConfiguration;
			baseConfigurationReference = BBEAEA172C30F2ACE839009B /* Pods-Hyperthread.release.xcconfig */;
			buildSettings = {
				ASSETCATALOG_COMPILER_APPICON_NAME = AppIcon;
				ASSETCATALOG_COMPILER_GLOBAL_ACCENT_COLOR_NAME = AccentColor;
				CODE_SIGN_STYLE = Automatic;
				CURRENT_PROJECT_VERSION = 1;
				DEVELOPMENT_TEAM = 949D776DFQ;
				GENERATE_INFOPLIST_FILE = YES;
				INFOPLIST_FILE = Hyperthread/Info.plist;
				INFOPLIST_KEY_CFBundleDisplayName = Hyperthread;
				INFOPLIST_KEY_UIApplicationSupportsIndirectInputEvents = YES;
				INFOPLIST_KEY_UILaunchStoryboardName = LaunchScreen;
				INFOPLIST_KEY_UIMainStoryboardFile = Main;
				INFOPLIST_KEY_UISupportedInterfaceOrientations_iPad = "UIInterfaceOrientationPortrait UIInterfaceOrientationPortraitUpsideDown UIInterfaceOrientationLandscapeLeft UIInterfaceOrientationLandscapeRight";
				INFOPLIST_KEY_UISupportedInterfaceOrientations_iPhone = "UIInterfaceOrientationPortrait UIInterfaceOrientationLandscapeLeft UIInterfaceOrientationLandscapeRight";
				LD_RUNPATH_SEARCH_PATHS = (
					"$(inherited)",
					"@executable_path/Frameworks",
				);
				MARKETING_VERSION = 1.3;
				PRODUCT_BUNDLE_IDENTIFIER = "-.Hyperthread";
				PRODUCT_NAME = "$(TARGET_NAME)";
				SWIFT_EMIT_LOC_STRINGS = YES;
				SWIFT_VERSION = 5.0;
				TARGETED_DEVICE_FAMILY = "1,2";
			};
			name = Release;
		};
		223BBF5527377BE600375530 /* Debug */ = {
			isa = XCBuildConfiguration;
			buildSettings = {
				ALWAYS_EMBED_SWIFT_STANDARD_LIBRARIES = YES;
				BUNDLE_LOADER = "$(TEST_HOST)";
				CODE_SIGN_STYLE = Automatic;
				CURRENT_PROJECT_VERSION = 1;
				DEVELOPMENT_TEAM = 949D776DFQ;
				GENERATE_INFOPLIST_FILE = YES;
				IPHONEOS_DEPLOYMENT_TARGET = 15.0;
				LD_RUNPATH_SEARCH_PATHS = (
					"$(inherited)",
					"@executable_path/Frameworks",
					"@loader_path/Frameworks",
				);
				MARKETING_VERSION = 1.0;
				PRODUCT_BUNDLE_IDENTIFIER = "-.UIBranchTests";
				PRODUCT_NAME = "$(TARGET_NAME)";
				SWIFT_EMIT_LOC_STRINGS = NO;
				SWIFT_VERSION = 5.0;
				TARGETED_DEVICE_FAMILY = "1,2";
				TEST_HOST = "$(BUILT_PRODUCTS_DIR)/Hyperthread.app/Hyperthread";
			};
			name = Debug;
		};
		223BBF5627377BE600375530 /* Release */ = {
			isa = XCBuildConfiguration;
			buildSettings = {
				ALWAYS_EMBED_SWIFT_STANDARD_LIBRARIES = YES;
				BUNDLE_LOADER = "$(TEST_HOST)";
				CODE_SIGN_STYLE = Automatic;
				CURRENT_PROJECT_VERSION = 1;
				DEVELOPMENT_TEAM = 949D776DFQ;
				GENERATE_INFOPLIST_FILE = YES;
				IPHONEOS_DEPLOYMENT_TARGET = 15.0;
				LD_RUNPATH_SEARCH_PATHS = (
					"$(inherited)",
					"@executable_path/Frameworks",
					"@loader_path/Frameworks",
				);
				MARKETING_VERSION = 1.0;
				PRODUCT_BUNDLE_IDENTIFIER = "-.UIBranchTests";
				PRODUCT_NAME = "$(TARGET_NAME)";
				SWIFT_EMIT_LOC_STRINGS = NO;
				SWIFT_VERSION = 5.0;
				TARGETED_DEVICE_FAMILY = "1,2";
				TEST_HOST = "$(BUILT_PRODUCTS_DIR)/Hyperthread.app/Hyperthread";
			};
			name = Release;
		};
		223BBF5827377BE600375530 /* Debug */ = {
			isa = XCBuildConfiguration;
			buildSettings = {
				ALWAYS_EMBED_SWIFT_STANDARD_LIBRARIES = YES;
				CODE_SIGN_STYLE = Automatic;
				CURRENT_PROJECT_VERSION = 1;
				DEVELOPMENT_TEAM = 949D776DFQ;
				GENERATE_INFOPLIST_FILE = YES;
				LD_RUNPATH_SEARCH_PATHS = (
					"$(inherited)",
					"@executable_path/Frameworks",
					"@loader_path/Frameworks",
				);
				MARKETING_VERSION = 1.0;
				PRODUCT_BUNDLE_IDENTIFIER = "-.UIBranchUITests";
				PRODUCT_NAME = "$(TARGET_NAME)";
				SWIFT_EMIT_LOC_STRINGS = NO;
				SWIFT_VERSION = 5.0;
				TARGETED_DEVICE_FAMILY = "1,2";
				TEST_TARGET_NAME = UIBranch;
			};
			name = Debug;
		};
		223BBF5927377BE600375530 /* Release */ = {
			isa = XCBuildConfiguration;
			buildSettings = {
				ALWAYS_EMBED_SWIFT_STANDARD_LIBRARIES = YES;
				CODE_SIGN_STYLE = Automatic;
				CURRENT_PROJECT_VERSION = 1;
				DEVELOPMENT_TEAM = 949D776DFQ;
				GENERATE_INFOPLIST_FILE = YES;
				LD_RUNPATH_SEARCH_PATHS = (
					"$(inherited)",
					"@executable_path/Frameworks",
					"@loader_path/Frameworks",
				);
				MARKETING_VERSION = 1.0;
				PRODUCT_BUNDLE_IDENTIFIER = "-.UIBranchUITests";
				PRODUCT_NAME = "$(TARGET_NAME)";
				SWIFT_EMIT_LOC_STRINGS = NO;
				SWIFT_VERSION = 5.0;
				TARGETED_DEVICE_FAMILY = "1,2";
				TEST_TARGET_NAME = UIBranch;
			};
			name = Release;
		};
/* End XCBuildConfiguration section */

/* Begin XCConfigurationList section */
		223BBF2227377BE500375530 /* Build configuration list for PBXProject "Hyperthread" */ = {
			isa = XCConfigurationList;
			buildConfigurations = (
				223BBF4F27377BE600375530 /* Debug */,
				223BBF5027377BE600375530 /* Release */,
			);
			defaultConfigurationIsVisible = 0;
			defaultConfigurationName = Release;
		};
		223BBF5127377BE600375530 /* Build configuration list for PBXNativeTarget "Hyperthread" */ = {
			isa = XCConfigurationList;
			buildConfigurations = (
				223BBF5227377BE600375530 /* Debug */,
				223BBF5327377BE600375530 /* Release */,
			);
			defaultConfigurationIsVisible = 0;
			defaultConfigurationName = Release;
		};
		223BBF5427377BE600375530 /* Build configuration list for PBXNativeTarget "HyperthreadTests" */ = {
			isa = XCConfigurationList;
			buildConfigurations = (
				223BBF5527377BE600375530 /* Debug */,
				223BBF5627377BE600375530 /* Release */,
			);
			defaultConfigurationIsVisible = 0;
			defaultConfigurationName = Release;
		};
		223BBF5727377BE600375530 /* Build configuration list for PBXNativeTarget "HyperthreadUITests" */ = {
			isa = XCConfigurationList;
			buildConfigurations = (
				223BBF5827377BE600375530 /* Debug */,
				223BBF5927377BE600375530 /* Release */,
			);
			defaultConfigurationIsVisible = 0;
			defaultConfigurationName = Release;
		};
/* End XCConfigurationList section */

/* Begin XCRemoteSwiftPackageReference section */
		221A296B275D36B700C283FE /* XCRemoteSwiftPackageReference "SDWebImage" */ = {
			isa = XCRemoteSwiftPackageReference;
			repositoryURL = "https://github.com/SDWebImage/SDWebImage";
			requirement = {
				branch = master;
				kind = branch;
			};
		};
		22D257322788459D005FC3D8 /* XCRemoteSwiftPackageReference "swift-algorithms" */ = {
			isa = XCRemoteSwiftPackageReference;
			repositoryURL = "https://github.com/apple/swift-algorithms.git";
			requirement = {
				kind = upToNextMajorVersion;
				minimumVersion = 1.0.0;
			};
		};
/* End XCRemoteSwiftPackageReference section */

/* Begin XCSwiftPackageProductDependency section */
		221A296C275D36B700C283FE /* SDWebImage */ = {
			isa = XCSwiftPackageProductDependency;
			package = 221A296B275D36B700C283FE /* XCRemoteSwiftPackageReference "SDWebImage" */;
			productName = SDWebImage;
		};
		223BBF5C27377E4600375530 /* Twig */ = {
			isa = XCSwiftPackageProductDependency;
			productName = Twig;
		};
		22D257332788459D005FC3D8 /* Algorithms */ = {
			isa = XCSwiftPackageProductDependency;
			package = 22D257322788459D005FC3D8 /* XCRemoteSwiftPackageReference "swift-algorithms" */;
			productName = Algorithms;
		};
		22F2463C274CA41800AE17AD /* BlackBox */ = {
			isa = XCSwiftPackageProductDependency;
			productName = BlackBox;
		};
/* End XCSwiftPackageProductDependency section */
	};
	rootObject = 223BBF1F27377BE500375530 /* Project object */;
}
